Microsoft Visual Studio Solution File, Format Version 12.00
# Visual Studio Version 16
VisualStudioVersion = 16.0.30309.148
MinimumVisualStudioVersion = 10.0.40219.1
Project("{2150E333-8FDC-42A3-9474-1A3956D46DE8}") = "src", "src", "{3734A52F-2222-454B-BF58-1BA5C1F29D77}"
	ProjectSection(SolutionItems) = preProject
		src\Directory.Build.props = src\Directory.Build.props
		src\Directory.Build.targets = src\Directory.Build.targets
	EndProjectSection
EndProject
Project("{2150E333-8FDC-42A3-9474-1A3956D46DE8}") = "sample", "sample", "{3C791D9C-6F19-4F46-B367-2EC0F818762D}"
	ProjectSection(SolutionItems) = preProject
		sample\Directory.Build.props = sample\Directory.Build.props
	EndProjectSection
EndProject
Project("{9A19103F-16F7-4668-BE54-9A1E7A4F7556}") = "SampleAspNetCoreApp", "sample\SampleAspNetCoreApp\SampleAspNetCoreApp.csproj", "{0ADF687D-4DB7-417E-80B4-27B3FD86875E}"
EndProject
Project("{2150E333-8FDC-42A3-9474-1A3956D46DE8}") = "test", "test", "{267A241E-571F-458F-B04C-B6C4DE79E735}"
	ProjectSection(SolutionItems) = preProject
		test\Directory.Build.props = test\Directory.Build.props
	EndProjectSection
EndProject
Project("{9A19103F-16F7-4668-BE54-9A1E7A4F7556}") = "Elastic.Apm", "src\Elastic.Apm\Elastic.Apm.csproj", "{90BC9629-C8D2-4FD5-863E-EA2D5FB37341}"
EndProject
Project("{9A19103F-16F7-4668-BE54-9A1E7A4F7556}") = "Elastic.Apm.AspNetCore", "src\Elastic.Apm.AspNetCore\Elastic.Apm.AspNetCore.csproj", "{D35FFCED-CFF1-45D6-BD30-02CEA0DDE2AC}"
EndProject
Project("{9A19103F-16F7-4668-BE54-9A1E7A4F7556}") = "Elastic.Apm.EntityFrameworkCore", "src\Elastic.Apm.EntityFrameworkCore\Elastic.Apm.EntityFrameworkCore.csproj", "{CB373BA1-19BF-4463-BCA4-BCA78F3C6FF3}"
EndProject
Project("{9A19103F-16F7-4668-BE54-9A1E7A4F7556}") = "Elastic.Apm.Tests", "test\Elastic.Apm.Tests\Elastic.Apm.Tests.csproj", "{4BEAD125-6F93-4566-A1D3-362F55D7AD4C}"
EndProject
Project("{9A19103F-16F7-4668-BE54-9A1E7A4F7556}") = "Elastic.Apm.AspNetCore.Tests", "test\Elastic.Apm.AspNetCore.Tests\Elastic.Apm.AspNetCore.Tests.csproj", "{36D72723-2161-4322-A04B-E97D0CB48EF6}"
EndProject
Project("{9A19103F-16F7-4668-BE54-9A1E7A4F7556}") = "ApiSamples", "sample\ApiSamples\ApiSamples.csproj", "{19C9C1BA-4BCC-4708-92C3-8F5AE18B44F8}"
EndProject
Project("{9A19103F-16F7-4668-BE54-9A1E7A4F7556}") = "Elastic.Apm.NetCoreAll", "src\Elastic.Apm.NetCoreAll\Elastic.Apm.NetCoreAll.csproj", "{C0F1E546-4388-4EA5-8C7C-ACA8CFA4CE2F}"
EndProject
Project("{9A19103F-16F7-4668-BE54-9A1E7A4F7556}") = "HttpListenerSample", "sample\HttpListenerSample\HttpListenerSample.csproj", "{1AAB1A30-42C0-4C76-AE2E-9D7293945D80}"
EndProject
Project("{2150E333-8FDC-42A3-9474-1A3956D46DE8}") = "files", "files", "{B406113B-0917-4531-AFEE-66DDB952590F}"
	ProjectSection(SolutionItems) = preProject
		.editorconfig = .editorconfig
		.gitignore = .gitignore
		build.bat = build.bat
		build.sh = build.sh
		CHANGELOG.asciidoc = CHANGELOG.asciidoc
		codecov.yml = codecov.yml
		CONTRIBUTING.md = CONTRIBUTING.md
		coverlet.runsettings = coverlet.runsettings
		Directory.Build.props = Directory.Build.props
		dotnet-tools.json = dotnet-tools.json
		global.json = global.json
		LICENSE = LICENSE
		README.md = README.md
		RELEASING.md = RELEASING.md
		xunit.runner.json = xunit.runner.json
	EndProjectSection
EndProject
Project("{9A19103F-16F7-4668-BE54-9A1E7A4F7556}") = "Elastic.Apm.Benchmarks", "test\Elastic.Apm.Benchmarks\Elastic.Apm.Benchmarks.csproj", "{F069CE99-F418-4BC2-9E44-8F03497D8DA8}"
EndProject
Project("{FAE04EC0-301F-11D3-BF4B-00C04F79EFBC}") = "AspNetFullFrameworkSampleApp", "sample\AspNetFullFrameworkSampleApp\AspNetFullFrameworkSampleApp.csproj", "{C45DCD78-7E8A-437C-ABBB-01D154ABCFC4}"
EndProject
Project("{9A19103F-16F7-4668-BE54-9A1E7A4F7556}") = "WebApiSample", "sample\WebApiSample\WebApiSample.csproj", "{319E2094-D2E1-46C5-8985-9693CD8DDCBD}"
EndProject
Project("{9A19103F-16F7-4668-BE54-9A1E7A4F7556}") = "Elastic.Apm.AspNetFullFramework", "src\Elastic.Apm.AspNetFullFramework\Elastic.Apm.AspNetFullFramework.csproj", "{D6FFDDAB-9D76-442F-8F1D-BD6F553F92FA}"
EndProject
Project("{9A19103F-16F7-4668-BE54-9A1E7A4F7556}") = "Elastic.Apm.EntityFramework6", "src\Elastic.Apm.EntityFramework6\Elastic.Apm.EntityFramework6.csproj", "{12FFCFF6-858C-4E6E-935C-E304712DECA4}"
EndProject
Project("{9A19103F-16F7-4668-BE54-9A1E7A4F7556}") = "Elastic.Apm.Docker.Tests", "test\Elastic.Apm.Docker.Tests\Elastic.Apm.Docker.Tests.csproj", "{40B47FD4-6E67-4D52-B9A4-607B9D01D9F5}"
EndProject
Project("{9A19103F-16F7-4668-BE54-9A1E7A4F7556}") = "Elastic.Apm.AspNetFullFramework.Tests", "test\Elastic.Apm.AspNetFullFramework.Tests\Elastic.Apm.AspNetFullFramework.Tests.csproj", "{4253798D-A160-40B3-8F16-5BF64C559B93}"
EndProject
Project("{9A19103F-16F7-4668-BE54-9A1E7A4F7556}") = "Elastic.Apm.Tests.MockApmServer", "test\Elastic.Apm.Tests.MockApmServer\Elastic.Apm.Tests.MockApmServer.csproj", "{AFFB238B-10C0-4229-9527-184EFCF0F5AC}"
EndProject
Project("{9A19103F-16F7-4668-BE54-9A1E7A4F7556}") = "ci", ".ci\ci.csproj", "{9AAC1E7A-5887-46BC-96DA-DDFFF0F7CDC2}"
EndProject
Project("{9A19103F-16F7-4668-BE54-9A1E7A4F7556}") = "Elastic.Apm.EntityFrameworkCore.Tests", "test\Elastic.Apm.EntityFrameworkCore.Tests\Elastic.Apm.EntityFrameworkCore.Tests.csproj", "{79BEA612-E2C8-47FD-84DC-A1B17AAD5038}"
EndProject
Project("{9A19103F-16F7-4668-BE54-9A1E7A4F7556}") = "Elastic.Apm.SqlClient", "src\Elastic.Apm.SqlClient\Elastic.Apm.SqlClient.csproj", "{F6027B7F-2AD7-4F43-8DDC-123E4824F15F}"
EndProject
Project("{9A19103F-16F7-4668-BE54-9A1E7A4F7556}") = "Elastic.Apm.SqlClient.Tests", "test\Elastic.Apm.SqlClient.Tests\Elastic.Apm.SqlClient.Tests.csproj", "{968E1E85-E996-42DE-9845-D20DAE16165A}"
EndProject
Project("{9A19103F-16F7-4668-BE54-9A1E7A4F7556}") = "Elastic.Apm.Feature.Tests", "test\Elastic.Apm.Feature.Tests\Elastic.Apm.Feature.Tests.csproj", "{A4EF875C-92AD-4538-AFF1-1DA277F1085A}"
EndProject
Project("{9A19103F-16F7-4668-BE54-9A1E7A4F7556}") = "ElasticApmAgentStartupHook", "src\ElasticApmAgentStartupHook\ElasticApmAgentStartupHook.csproj", "{7B18C4C5-099B-41D1-8CC2-2D2C412B80CD}"
EndProject
Project("{9A19103F-16F7-4668-BE54-9A1E7A4F7556}") = "Elastic.Apm.Extensions.Hosting", "src\Elastic.Apm.Extensions.Hosting\Elastic.Apm.Extensions.Hosting.csproj", "{9BA642D5-2C8A-4B5E-AA75-50A4C29B0CCC}"
EndProject
Project("{9A19103F-16F7-4668-BE54-9A1E7A4F7556}") = "Elastic.Apm.Elasticsearch", "src\Elastic.Apm.Elasticsearch\Elastic.Apm.Elasticsearch.csproj", "{77812373-D9CB-4DDC-B0D4-A192F7FC2330}"
EndProject
Project("{9A19103F-16F7-4668-BE54-9A1E7A4F7556}") = "SampleConsoleNetCoreApp", "sample\SampleConsoleNetCoreApp\SampleConsoleNetCoreApp.csproj", "{00AD0047-92A6-48CC-B67D-A3DB2812CE28}"
EndProject
Project("{9A19103F-16F7-4668-BE54-9A1E7A4F7556}") = "Elastic.Apm.Elasticsearch.Tests", "test\Elastic.Apm.Elasticsearch.Tests\Elastic.Apm.Elasticsearch.Tests.csproj", "{E30DEF03-4E0B-46A0-87D0-E80545D99BBA}"
EndProject
Project("{9A19103F-16F7-4668-BE54-9A1E7A4F7556}") = "ElasticsearchSample", "sample\ElasticsearchSample\ElasticsearchSample.csproj", "{0FE5E852-E3AF-45F9-BF3A-8CD739C0807F}"
EndProject
Project("{9A19103F-16F7-4668-BE54-9A1E7A4F7556}") = "GrpcServiceSample", "sample\GrpcServiceSample\GrpcServiceSample.csproj", "{6E6B9E49-EE42-4EB6-8248-BEEC8522937B}"
EndProject
Project("{9A19103F-16F7-4668-BE54-9A1E7A4F7556}") = "GrpcClientSample", "sample\GrpcClientSample\GrpcClientSample.csproj", "{CC52EA80-5E18-4370-ACB3-9424B6BB6B68}"
EndProject
Project("{9A19103F-16F7-4668-BE54-9A1E7A4F7556}") = "Elastic.Apm.GrpcClient", "src\Elastic.Apm.GrpcClient\Elastic.Apm.GrpcClient.csproj", "{8F1B46E1-F1A0-4744-9D9A-AA1BB33842C8}"
EndProject
Project("{9A19103F-16F7-4668-BE54-9A1E7A4F7556}") = "Elastic.Apm.Grpc.Tests", "test\Elastic.Apm.Grpc.Tests\Elastic.Apm.Grpc.Tests.csproj", "{3AD5584E-057A-4C52-84EA-32A9BBE12F03}"
EndProject
Project("{9A19103F-16F7-4668-BE54-9A1E7A4F7556}") = "Elastic.Apm.Extensions.Hosting.Tests", "test\Elastic.Apm.Extensions.Hosting.Tests\Elastic.Apm.Extensions.Hosting.Tests.csproj", "{3CCB9193-8416-49AF-A1A3-8D1118CFB25B}"
EndProject
Project("{9A19103F-16F7-4668-BE54-9A1E7A4F7556}") = "Elastic.Apm.StackExchange.Redis", "src\Elastic.Apm.StackExchange.Redis\Elastic.Apm.StackExchange.Redis.csproj", "{38227C61-EFFB-4B00-814B-A158000A5F55}"
EndProject
Project("{9A19103F-16F7-4668-BE54-9A1E7A4F7556}") = "StackExchangeRedisSample", "sample\StackExchangeRedisSample\StackExchangeRedisSample.csproj", "{9FBC8D8C-E600-464D-AE4E-AC1FB59485F6}"
EndProject
Project("{9A19103F-16F7-4668-BE54-9A1E7A4F7556}") = "Elastic.Apm.StackExchange.Redis.Tests", "test\Elastic.Apm.StackExchange.Redis.Tests\Elastic.Apm.StackExchange.Redis.Tests.csproj", "{6D413E0A-1CB7-4A2D-8E99-DB4F58D3463E}"
EndProject
Project("{6EC3EE1D-3C4E-46DD-8F32-0CC8E7565705}") = "scripts", "build\scripts\scripts.fsproj", "{CB623206-F69E-4004-8527-D4B971AA981A}"
EndProject
Project("{9A19103F-16F7-4668-BE54-9A1E7A4F7556}") = "Elastic.Apm.Specification", "src\Elastic.Apm.Specification\Elastic.Apm.Specification.csproj", "{5D076C7F-1F8B-4B11-9910-48717D133963}"
EndProject
Project("{9A19103F-16F7-4668-BE54-9A1E7A4F7556}") = "Elastic.Apm.AspNetCore.Static.Tests", "test\Elastic.Apm.AspNetCore.Static.Tests\Elastic.Apm.AspNetCore.Static.Tests.csproj", "{2250D888-E4CC-4B2B-AF31-5C78D76EC73D}"
EndProject
Project("{9A19103F-16F7-4668-BE54-9A1E7A4F7556}") = "Elastic.Apm.Tests.Utilities", "test\Elastic.Apm.Tests.Utilities\Elastic.Apm.Tests.Utilities.csproj", "{43F9247D-544B-49FB-9E50-FC236D90DE1A}"
EndProject
Project("{9A19103F-16F7-4668-BE54-9A1E7A4F7556}") = "Elastic.Apm.StartupHook.Loader", "src\Elastic.Apm.StartupHook.Loader\Elastic.Apm.StartupHook.Loader.csproj", "{B5200DC5-5E48-4F72-ADA9-96D0380A00CB}"
EndProject
Project("{9A19103F-16F7-4668-BE54-9A1E7A4F7556}") = "Elastic.Apm.StaticImplicitInitialization.Tests", "test\Elastic.Apm.StaticImplicitInitialization.Tests\Elastic.Apm.StaticImplicitInitialization.Tests.csproj", "{CE0120A5-A094-40A3-905E-8E14526800D3}"
EndProject
Project("{9A19103F-16F7-4668-BE54-9A1E7A4F7556}") = "Elastic.Apm.StaticExplicitInitialization.Tests", "test\Elastic.Apm.StaticExplicitInitialization.Tests\Elastic.Apm.StaticExplicitInitialization.Tests.csproj", "{DC879845-353B-4C62-9640-6EA3008326F7}"
EndProject
Project("{9A19103F-16F7-4668-BE54-9A1E7A4F7556}") = "Elastic.Apm.StartupHook.Sample", "sample\Elastic.Apm.StartupHook.Sample\Elastic.Apm.StartupHook.Sample.csproj", "{B168C594-0314-4201-A55B-13DBBE2796FE}"
EndProject
Project("{9A19103F-16F7-4668-BE54-9A1E7A4F7556}") = "Elastic.Apm.StartupHook.Tests", "test\Elastic.Apm.StartupHook.Tests\Elastic.Apm.StartupHook.Tests.csproj", "{9AE4805D-2586-4FA5-A0D0-885264EBC565}"
EndProject
Project("{9A19103F-16F7-4668-BE54-9A1E7A4F7556}") = "Elastic.Apm.Extensions.Logging", "src\Elastic.Apm.Extensions.Logging\Elastic.Apm.Extensions.Logging.csproj", "{9BAEEF56-4061-488A-8FB8-28BDBBB26C3D}"
EndProject
Project("{9A19103F-16F7-4668-BE54-9A1E7A4F7556}") = "Elastic.Apm.Extensions.Logging.Tests", "test\Elastic.Apm.Extensions.Logging.Tests\Elastic.Apm.Extensions.Logging.Tests.csproj", "{B235B13F-42AE-42DA-A3C8-20D047F38685}"
EndProject
Project("{9A19103F-16F7-4668-BE54-9A1E7A4F7556}") = "Elastic.Apm.MongoDb", "src\Elastic.Apm.MongoDb\Elastic.Apm.MongoDb.csproj", "{11C16D17-C0D0-48C3-B3A6-E9248C515976}"
EndProject
Project("{9A19103F-16F7-4668-BE54-9A1E7A4F7556}") = "Elastic.Apm.MongoDb.Tests", "test\Elastic.Apm.MongoDb.Tests\Elastic.Apm.MongoDb.Tests.csproj", "{FB07C133-C353-4061-A308-B9A6EF48AB7E}"
EndProject
Project("{FAE04EC0-301F-11D3-BF4B-00C04F79EFBC}") = "Elastic.Apm.Azure.ServiceBus", "src\Elastic.Apm.Azure.ServiceBus\Elastic.Apm.Azure.ServiceBus.csproj", "{1D43C8C5-4116-45C5-9F4B-56C1D926ED29}"
EndProject
Project("{FAE04EC0-301F-11D3-BF4B-00C04F79EFBC}") = "Elastic.Apm.Azure.ServiceBus.Tests", "test\Elastic.Apm.Azure.ServiceBus.Tests\Elastic.Apm.Azure.ServiceBus.Tests.csproj", "{D9CC53B2-5F6B-434B-8689-2350F3A9FB2D}"
EndProject
Project("{FAE04EC0-301F-11D3-BF4B-00C04F79EFBC}") = "Elastic.Apm.Azure.ServiceBus.Sample", "sample\Elastic.Apm.Azure.ServiceBus.Sample\Elastic.Apm.Azure.ServiceBus.Sample.csproj", "{27563B4E-ECB1-4F1B-B9F1-22C2C165B270}"
EndProject
Project("{FAE04EC0-301F-11D3-BF4B-00C04F79EFBC}") = "Elastic.Apm.Azure.Storage", "src\Elastic.Apm.Azure.Storage\Elastic.Apm.Azure.Storage.csproj", "{E9C84C9D-7BEB-49E2-A955-04AD999C4266}"
EndProject
Project("{FAE04EC0-301F-11D3-BF4B-00C04F79EFBC}") = "Elastic.Apm.Azure.Storage.Tests", "test\Elastic.Apm.Azure.Storage.Tests\Elastic.Apm.Azure.Storage.Tests.csproj", "{37BD6194-A47B-4D17-BB9A-642E8909DED9}"
EndProject
Project("{FAE04EC0-301F-11D3-BF4B-00C04F79EFBC}") = "Elastic.Apm.Azure.CosmosDb", "src\Elastic.Apm.Azure.CosmosDb\Elastic.Apm.Azure.CosmosDb.csproj", "{FC0276AB-9063-4DB9-9078-DCEF1F1091A9}"
EndProject
Project("{FAE04EC0-301F-11D3-BF4B-00C04F79EFBC}") = "Elastic.Apm.Azure.CosmosDb.Tests", "test\Elastic.Apm.Azure.CosmosDb.Tests\Elastic.Apm.Azure.CosmosDb.Tests.csproj", "{0EEA16C4-C7DF-4D90-94C2-009417D765AC}"
EndProject
Project("{FAE04EC0-301F-11D3-BF4B-00C04F79EFBC}") = "Elastic.Apm.Profiler.Managed", "src\Elastic.Apm.Profiler.Managed\Elastic.Apm.Profiler.Managed.csproj", "{A88A3877-05D6-45B2-94E4-5C583BD6EEDC}"
EndProject
Project("{FAE04EC0-301F-11D3-BF4B-00C04F79EFBC}") = "Elastic.Apm.Profiler.Managed.Loader", "src\Elastic.Apm.Profiler.Managed.Loader\Elastic.Apm.Profiler.Managed.Loader.csproj", "{F1DD170E-2DD8-4CBD-A2BB-C19CF0033982}"
EndProject
Project("{FAE04EC0-301F-11D3-BF4B-00C04F79EFBC}") = "NpgsqlSample", "sample\NpgsqlSample\NpgsqlSample.csproj", "{BA2D3FCD-C25E-4E34-9A30-BE1FB16E1841}"
EndProject
Project("{FAE04EC0-301F-11D3-BF4B-00C04F79EFBC}") = "Elastic.Apm.Profiler.Managed.Tests", "test\Elastic.Apm.Profiler.Managed.Tests\Elastic.Apm.Profiler.Managed.Tests.csproj", "{4983083A-87AD-496E-B0BC-84C8097D0590}"
EndProject
Project("{FAE04EC0-301F-11D3-BF4B-00C04F79EFBC}") = "Elastic.Apm.AdoNet", "sample\Elastic.Apm.AdoNet\Elastic.Apm.AdoNet.csproj", "{14BEE605-6180-4B9E-87F5-A24BA79461B5}"
EndProject
Project("{FAE04EC0-301F-11D3-BF4B-00C04F79EFBC}") = "Elastic.Apm.AdoNet.NetStandard", "sample\Elastic.Apm.AdoNet.NetStandard\Elastic.Apm.AdoNet.NetStandard.csproj", "{AAB983A1-6080-449D-95D8-7E7BA05DDFAA}"
EndProject
Project("{FAE04EC0-301F-11D3-BF4B-00C04F79EFBC}") = "MySqlDataSample", "sample\MySqlDataSample\MySqlDataSample.csproj", "{346D3A9A-1296-4915-BB6C-8533731D3B3B}"
EndProject
Project("{FAE04EC0-301F-11D3-BF4B-00C04F79EFBC}") = "SqliteSample", "sample\SqliteSample\SqliteSample.csproj", "{F72182DC-A933-4C4B-8321-830D0DFB857C}"
EndProject
Project("{FAE04EC0-301F-11D3-BF4B-00C04F79EFBC}") = "OracleManagedDataAccessSample", "sample\OracleManagedDataAccessSample\OracleManagedDataAccessSample.csproj", "{FFA9A7E4-954F-47A1-A9FD-0FE07EB846C6}"
EndProject
Project("{FAE04EC0-301F-11D3-BF4B-00C04F79EFBC}") = "OracleManagedDataAccessCoreSample", "sample\OracleManagedDataAccessCoreSample\OracleManagedDataAccessCoreSample.csproj", "{8CF18906-150C-4AD9-B108-2A39B31105C5}"
EndProject
Project("{FAE04EC0-301F-11D3-BF4B-00C04F79EFBC}") = "Elastic.Apm.Profiler.IntegrationsGenerator", "src\Elastic.Apm.Profiler.IntegrationsGenerator\Elastic.Apm.Profiler.IntegrationsGenerator.csproj", "{B7B0104C-CADC-42E0-B08B-5187926BFF6F}"
EndProject
Project("{FAE04EC0-301F-11D3-BF4B-00C04F79EFBC}") = "Elastic.Apm.Profiler.Managed.Core", "src\Elastic.Apm.Profiler.Managed.Core\Elastic.Apm.Profiler.Managed.Core.csproj", "{4E235C21-5637-4498-8335-134ACAA4884E}"
EndProject
Project("{FAE04EC0-301F-11D3-BF4B-00C04F79EFBC}") = "SqlClientSample", "sample\SqlClientSample\SqlClientSample.csproj", "{456A8639-FE1B-426A-9C72-5252AB4D3AD5}"
EndProject
Project("{FAE04EC0-301F-11D3-BF4B-00C04F79EFBC}") = "KafkaSample", "sample\KafkaSample\KafkaSample.csproj", "{2B23487A-B340-4F5C-A49B-9B829F437A5A}"
EndProject
Project("{FAE04EC0-301F-11D3-BF4B-00C04F79EFBC}") = "RabbitMqSample", "sample\RabbitMqSample\RabbitMqSample.csproj", "{1D6B0C67-42C8-4AB4-A795-B6FF8EF7196E}"
EndProject
Project("{FAE04EC0-301F-11D3-BF4B-00C04F79EFBC}") = "OpenTelemetrySample", "sample\OpenTelemetrySample\OpenTelemetrySample.csproj", "{3D31589A-CA44-4D6D-9944-26CE9640A283}"
EndProject
Project("{FAE04EC0-301F-11D3-BF4B-00C04F79EFBC}") = "SatelliteAssemblySample", "sample\SatelliteAssemblySample\SatelliteAssemblySample.csproj", "{2B62E740-A493-42D6-BE5E-709BD07F877E}"
EndProject
Project("{FAE04EC0-301F-11D3-BF4B-00C04F79EFBC}") = "Elastic.Apm.Azure.Functions", "src\Elastic.Apm.Azure.Functions\Elastic.Apm.Azure.Functions.csproj", "{A124FE13-1C70-4D59-8577-9BD4204923CA}"
EndProject
Project("{FAE04EC0-301F-11D3-BF4B-00C04F79EFBC}") = "Elastic.Apm.Azure.Functions.Tests", "test\Elastic.Apm.Azure.Functions.Tests\Elastic.Apm.Azure.Functions.Tests.csproj", "{8E3D94CD-3378-4431-8956-07644A64D4E8}"
EndProject
Project("{FAE04EC0-301F-11D3-BF4B-00C04F79EFBC}") = "Elastic.AzureFunctionApp.Isolated", "sample\Elastic.AzureFunctionApp.Isolated\Elastic.AzureFunctionApp.Isolated.csproj", "{9879E646-63ED-474C-905B-1B469403F0A5}"
EndProject
Project("{FAE04EC0-301F-11D3-BF4B-00C04F79EFBC}") = "Elastic.Clients.Elasticsearch.Tests", "test\Elastic.Clients.Elasticsearch.Tests\Elastic.Clients.Elasticsearch.Tests.csproj", "{E6217549-8C21-4E95-BDF2-E782922CD104}"
EndProject
Global
	GlobalSection(SolutionConfigurationPlatforms) = preSolution
		Debug|Any CPU = Debug|Any CPU
		Release|Any CPU = Release|Any CPU
	EndGlobalSection
	GlobalSection(ProjectConfigurationPlatforms) = postSolution
		{0ADF687D-4DB7-417E-80B4-27B3FD86875E}.Debug|Any CPU.ActiveCfg = Debug|Any CPU
		{0ADF687D-4DB7-417E-80B4-27B3FD86875E}.Debug|Any CPU.Build.0 = Debug|Any CPU
		{0ADF687D-4DB7-417E-80B4-27B3FD86875E}.Release|Any CPU.ActiveCfg = Release|Any CPU
		{0ADF687D-4DB7-417E-80B4-27B3FD86875E}.Release|Any CPU.Build.0 = Release|Any CPU
		{90BC9629-C8D2-4FD5-863E-EA2D5FB37341}.Debug|Any CPU.ActiveCfg = Debug|Any CPU
		{90BC9629-C8D2-4FD5-863E-EA2D5FB37341}.Debug|Any CPU.Build.0 = Debug|Any CPU
		{90BC9629-C8D2-4FD5-863E-EA2D5FB37341}.Release|Any CPU.ActiveCfg = Release|Any CPU
		{90BC9629-C8D2-4FD5-863E-EA2D5FB37341}.Release|Any CPU.Build.0 = Release|Any CPU
		{D35FFCED-CFF1-45D6-BD30-02CEA0DDE2AC}.Debug|Any CPU.ActiveCfg = Debug|Any CPU
		{D35FFCED-CFF1-45D6-BD30-02CEA0DDE2AC}.Debug|Any CPU.Build.0 = Debug|Any CPU
		{D35FFCED-CFF1-45D6-BD30-02CEA0DDE2AC}.Release|Any CPU.ActiveCfg = Release|Any CPU
		{D35FFCED-CFF1-45D6-BD30-02CEA0DDE2AC}.Release|Any CPU.Build.0 = Release|Any CPU
		{CB373BA1-19BF-4463-BCA4-BCA78F3C6FF3}.Debug|Any CPU.ActiveCfg = Debug|Any CPU
		{CB373BA1-19BF-4463-BCA4-BCA78F3C6FF3}.Debug|Any CPU.Build.0 = Debug|Any CPU
		{CB373BA1-19BF-4463-BCA4-BCA78F3C6FF3}.Release|Any CPU.ActiveCfg = Release|Any CPU
		{CB373BA1-19BF-4463-BCA4-BCA78F3C6FF3}.Release|Any CPU.Build.0 = Release|Any CPU
		{4BEAD125-6F93-4566-A1D3-362F55D7AD4C}.Debug|Any CPU.ActiveCfg = Debug|Any CPU
		{4BEAD125-6F93-4566-A1D3-362F55D7AD4C}.Debug|Any CPU.Build.0 = Debug|Any CPU
		{4BEAD125-6F93-4566-A1D3-362F55D7AD4C}.Release|Any CPU.ActiveCfg = Release|Any CPU
		{4BEAD125-6F93-4566-A1D3-362F55D7AD4C}.Release|Any CPU.Build.0 = Release|Any CPU
		{36D72723-2161-4322-A04B-E97D0CB48EF6}.Debug|Any CPU.ActiveCfg = Debug|Any CPU
		{36D72723-2161-4322-A04B-E97D0CB48EF6}.Debug|Any CPU.Build.0 = Debug|Any CPU
		{36D72723-2161-4322-A04B-E97D0CB48EF6}.Release|Any CPU.ActiveCfg = Release|Any CPU
		{36D72723-2161-4322-A04B-E97D0CB48EF6}.Release|Any CPU.Build.0 = Release|Any CPU
		{19C9C1BA-4BCC-4708-92C3-8F5AE18B44F8}.Debug|Any CPU.ActiveCfg = Debug|Any CPU
		{19C9C1BA-4BCC-4708-92C3-8F5AE18B44F8}.Debug|Any CPU.Build.0 = Debug|Any CPU
		{19C9C1BA-4BCC-4708-92C3-8F5AE18B44F8}.Release|Any CPU.ActiveCfg = Release|Any CPU
		{19C9C1BA-4BCC-4708-92C3-8F5AE18B44F8}.Release|Any CPU.Build.0 = Release|Any CPU
		{C0F1E546-4388-4EA5-8C7C-ACA8CFA4CE2F}.Debug|Any CPU.ActiveCfg = Debug|Any CPU
		{C0F1E546-4388-4EA5-8C7C-ACA8CFA4CE2F}.Debug|Any CPU.Build.0 = Debug|Any CPU
		{C0F1E546-4388-4EA5-8C7C-ACA8CFA4CE2F}.Release|Any CPU.ActiveCfg = Release|Any CPU
		{C0F1E546-4388-4EA5-8C7C-ACA8CFA4CE2F}.Release|Any CPU.Build.0 = Release|Any CPU
		{1AAB1A30-42C0-4C76-AE2E-9D7293945D80}.Debug|Any CPU.ActiveCfg = Debug|Any CPU
		{1AAB1A30-42C0-4C76-AE2E-9D7293945D80}.Debug|Any CPU.Build.0 = Debug|Any CPU
		{1AAB1A30-42C0-4C76-AE2E-9D7293945D80}.Release|Any CPU.ActiveCfg = Release|Any CPU
		{1AAB1A30-42C0-4C76-AE2E-9D7293945D80}.Release|Any CPU.Build.0 = Release|Any CPU
		{F069CE99-F418-4BC2-9E44-8F03497D8DA8}.Debug|Any CPU.ActiveCfg = Debug|Any CPU
		{F069CE99-F418-4BC2-9E44-8F03497D8DA8}.Debug|Any CPU.Build.0 = Debug|Any CPU
		{F069CE99-F418-4BC2-9E44-8F03497D8DA8}.Release|Any CPU.ActiveCfg = Release|Any CPU
		{F069CE99-F418-4BC2-9E44-8F03497D8DA8}.Release|Any CPU.Build.0 = Release|Any CPU
		{C45DCD78-7E8A-437C-ABBB-01D154ABCFC4}.Debug|Any CPU.ActiveCfg = Debug|Any CPU
		{C45DCD78-7E8A-437C-ABBB-01D154ABCFC4}.Debug|Any CPU.Build.0 = Debug|Any CPU
		{C45DCD78-7E8A-437C-ABBB-01D154ABCFC4}.Release|Any CPU.ActiveCfg = Release|Any CPU
		{C45DCD78-7E8A-437C-ABBB-01D154ABCFC4}.Release|Any CPU.Build.0 = Release|Any CPU
		{319E2094-D2E1-46C5-8985-9693CD8DDCBD}.Debug|Any CPU.ActiveCfg = Debug|Any CPU
		{319E2094-D2E1-46C5-8985-9693CD8DDCBD}.Debug|Any CPU.Build.0 = Debug|Any CPU
		{319E2094-D2E1-46C5-8985-9693CD8DDCBD}.Release|Any CPU.ActiveCfg = Release|Any CPU
		{319E2094-D2E1-46C5-8985-9693CD8DDCBD}.Release|Any CPU.Build.0 = Release|Any CPU
		{D6FFDDAB-9D76-442F-8F1D-BD6F553F92FA}.Debug|Any CPU.ActiveCfg = Debug|Any CPU
		{D6FFDDAB-9D76-442F-8F1D-BD6F553F92FA}.Debug|Any CPU.Build.0 = Debug|Any CPU
		{D6FFDDAB-9D76-442F-8F1D-BD6F553F92FA}.Release|Any CPU.ActiveCfg = Release|Any CPU
		{D6FFDDAB-9D76-442F-8F1D-BD6F553F92FA}.Release|Any CPU.Build.0 = Release|Any CPU
		{12FFCFF6-858C-4E6E-935C-E304712DECA4}.Debug|Any CPU.ActiveCfg = Debug|Any CPU
		{12FFCFF6-858C-4E6E-935C-E304712DECA4}.Debug|Any CPU.Build.0 = Debug|Any CPU
		{12FFCFF6-858C-4E6E-935C-E304712DECA4}.Release|Any CPU.ActiveCfg = Release|Any CPU
		{12FFCFF6-858C-4E6E-935C-E304712DECA4}.Release|Any CPU.Build.0 = Release|Any CPU
		{40B47FD4-6E67-4D52-B9A4-607B9D01D9F5}.Debug|Any CPU.ActiveCfg = Debug|Any CPU
		{40B47FD4-6E67-4D52-B9A4-607B9D01D9F5}.Debug|Any CPU.Build.0 = Debug|Any CPU
		{40B47FD4-6E67-4D52-B9A4-607B9D01D9F5}.Release|Any CPU.ActiveCfg = Release|Any CPU
		{40B47FD4-6E67-4D52-B9A4-607B9D01D9F5}.Release|Any CPU.Build.0 = Release|Any CPU
		{4253798D-A160-40B3-8F16-5BF64C559B93}.Debug|Any CPU.ActiveCfg = Debug|Any CPU
		{4253798D-A160-40B3-8F16-5BF64C559B93}.Debug|Any CPU.Build.0 = Debug|Any CPU
		{4253798D-A160-40B3-8F16-5BF64C559B93}.Release|Any CPU.ActiveCfg = Release|Any CPU
		{4253798D-A160-40B3-8F16-5BF64C559B93}.Release|Any CPU.Build.0 = Release|Any CPU
		{AFFB238B-10C0-4229-9527-184EFCF0F5AC}.Debug|Any CPU.ActiveCfg = Debug|Any CPU
		{AFFB238B-10C0-4229-9527-184EFCF0F5AC}.Debug|Any CPU.Build.0 = Debug|Any CPU
		{AFFB238B-10C0-4229-9527-184EFCF0F5AC}.Release|Any CPU.ActiveCfg = Release|Any CPU
		{AFFB238B-10C0-4229-9527-184EFCF0F5AC}.Release|Any CPU.Build.0 = Release|Any CPU
		{9AAC1E7A-5887-46BC-96DA-DDFFF0F7CDC2}.Debug|Any CPU.ActiveCfg = Debug|Any CPU
		{9AAC1E7A-5887-46BC-96DA-DDFFF0F7CDC2}.Release|Any CPU.ActiveCfg = Release|Any CPU
		{79BEA612-E2C8-47FD-84DC-A1B17AAD5038}.Debug|Any CPU.ActiveCfg = Debug|Any CPU
		{79BEA612-E2C8-47FD-84DC-A1B17AAD5038}.Debug|Any CPU.Build.0 = Debug|Any CPU
		{79BEA612-E2C8-47FD-84DC-A1B17AAD5038}.Release|Any CPU.ActiveCfg = Release|Any CPU
		{79BEA612-E2C8-47FD-84DC-A1B17AAD5038}.Release|Any CPU.Build.0 = Release|Any CPU
		{F6027B7F-2AD7-4F43-8DDC-123E4824F15F}.Debug|Any CPU.ActiveCfg = Debug|Any CPU
		{F6027B7F-2AD7-4F43-8DDC-123E4824F15F}.Debug|Any CPU.Build.0 = Debug|Any CPU
		{F6027B7F-2AD7-4F43-8DDC-123E4824F15F}.Release|Any CPU.ActiveCfg = Release|Any CPU
		{F6027B7F-2AD7-4F43-8DDC-123E4824F15F}.Release|Any CPU.Build.0 = Release|Any CPU
		{968E1E85-E996-42DE-9845-D20DAE16165A}.Debug|Any CPU.ActiveCfg = Debug|Any CPU
		{968E1E85-E996-42DE-9845-D20DAE16165A}.Debug|Any CPU.Build.0 = Debug|Any CPU
		{968E1E85-E996-42DE-9845-D20DAE16165A}.Release|Any CPU.ActiveCfg = Release|Any CPU
		{968E1E85-E996-42DE-9845-D20DAE16165A}.Release|Any CPU.Build.0 = Release|Any CPU
		{A4EF875C-92AD-4538-AFF1-1DA277F1085A}.Debug|Any CPU.ActiveCfg = Debug|Any CPU
		{A4EF875C-92AD-4538-AFF1-1DA277F1085A}.Debug|Any CPU.Build.0 = Debug|Any CPU
		{A4EF875C-92AD-4538-AFF1-1DA277F1085A}.Release|Any CPU.ActiveCfg = Release|Any CPU
		{A4EF875C-92AD-4538-AFF1-1DA277F1085A}.Release|Any CPU.Build.0 = Release|Any CPU
		{7B18C4C5-099B-41D1-8CC2-2D2C412B80CD}.Debug|Any CPU.ActiveCfg = Debug|Any CPU
		{7B18C4C5-099B-41D1-8CC2-2D2C412B80CD}.Debug|Any CPU.Build.0 = Debug|Any CPU
		{7B18C4C5-099B-41D1-8CC2-2D2C412B80CD}.Release|Any CPU.ActiveCfg = Release|Any CPU
		{7B18C4C5-099B-41D1-8CC2-2D2C412B80CD}.Release|Any CPU.Build.0 = Release|Any CPU
		{9BA642D5-2C8A-4B5E-AA75-50A4C29B0CCC}.Debug|Any CPU.ActiveCfg = Debug|Any CPU
		{9BA642D5-2C8A-4B5E-AA75-50A4C29B0CCC}.Debug|Any CPU.Build.0 = Debug|Any CPU
		{9BA642D5-2C8A-4B5E-AA75-50A4C29B0CCC}.Release|Any CPU.ActiveCfg = Release|Any CPU
		{9BA642D5-2C8A-4B5E-AA75-50A4C29B0CCC}.Release|Any CPU.Build.0 = Release|Any CPU
		{77812373-D9CB-4DDC-B0D4-A192F7FC2330}.Debug|Any CPU.ActiveCfg = Debug|Any CPU
		{77812373-D9CB-4DDC-B0D4-A192F7FC2330}.Debug|Any CPU.Build.0 = Debug|Any CPU
		{77812373-D9CB-4DDC-B0D4-A192F7FC2330}.Release|Any CPU.ActiveCfg = Release|Any CPU
		{77812373-D9CB-4DDC-B0D4-A192F7FC2330}.Release|Any CPU.Build.0 = Release|Any CPU
		{00AD0047-92A6-48CC-B67D-A3DB2812CE28}.Debug|Any CPU.ActiveCfg = Debug|Any CPU
		{00AD0047-92A6-48CC-B67D-A3DB2812CE28}.Debug|Any CPU.Build.0 = Debug|Any CPU
		{00AD0047-92A6-48CC-B67D-A3DB2812CE28}.Release|Any CPU.ActiveCfg = Release|Any CPU
		{00AD0047-92A6-48CC-B67D-A3DB2812CE28}.Release|Any CPU.Build.0 = Release|Any CPU
		{E30DEF03-4E0B-46A0-87D0-E80545D99BBA}.Debug|Any CPU.ActiveCfg = Debug|Any CPU
		{E30DEF03-4E0B-46A0-87D0-E80545D99BBA}.Debug|Any CPU.Build.0 = Debug|Any CPU
		{E30DEF03-4E0B-46A0-87D0-E80545D99BBA}.Release|Any CPU.ActiveCfg = Release|Any CPU
		{E30DEF03-4E0B-46A0-87D0-E80545D99BBA}.Release|Any CPU.Build.0 = Release|Any CPU
		{0FE5E852-E3AF-45F9-BF3A-8CD739C0807F}.Debug|Any CPU.ActiveCfg = Debug|Any CPU
		{0FE5E852-E3AF-45F9-BF3A-8CD739C0807F}.Debug|Any CPU.Build.0 = Debug|Any CPU
		{0FE5E852-E3AF-45F9-BF3A-8CD739C0807F}.Release|Any CPU.ActiveCfg = Release|Any CPU
		{0FE5E852-E3AF-45F9-BF3A-8CD739C0807F}.Release|Any CPU.Build.0 = Release|Any CPU
		{6E6B9E49-EE42-4EB6-8248-BEEC8522937B}.Debug|Any CPU.ActiveCfg = Debug|Any CPU
		{6E6B9E49-EE42-4EB6-8248-BEEC8522937B}.Debug|Any CPU.Build.0 = Debug|Any CPU
		{6E6B9E49-EE42-4EB6-8248-BEEC8522937B}.Release|Any CPU.ActiveCfg = Release|Any CPU
		{6E6B9E49-EE42-4EB6-8248-BEEC8522937B}.Release|Any CPU.Build.0 = Release|Any CPU
		{CC52EA80-5E18-4370-ACB3-9424B6BB6B68}.Debug|Any CPU.ActiveCfg = Debug|Any CPU
		{CC52EA80-5E18-4370-ACB3-9424B6BB6B68}.Debug|Any CPU.Build.0 = Debug|Any CPU
		{CC52EA80-5E18-4370-ACB3-9424B6BB6B68}.Release|Any CPU.ActiveCfg = Release|Any CPU
		{CC52EA80-5E18-4370-ACB3-9424B6BB6B68}.Release|Any CPU.Build.0 = Release|Any CPU
		{8F1B46E1-F1A0-4744-9D9A-AA1BB33842C8}.Debug|Any CPU.ActiveCfg = Debug|Any CPU
		{8F1B46E1-F1A0-4744-9D9A-AA1BB33842C8}.Debug|Any CPU.Build.0 = Debug|Any CPU
		{8F1B46E1-F1A0-4744-9D9A-AA1BB33842C8}.Release|Any CPU.ActiveCfg = Release|Any CPU
		{8F1B46E1-F1A0-4744-9D9A-AA1BB33842C8}.Release|Any CPU.Build.0 = Release|Any CPU
		{3AD5584E-057A-4C52-84EA-32A9BBE12F03}.Debug|Any CPU.ActiveCfg = Debug|Any CPU
		{3AD5584E-057A-4C52-84EA-32A9BBE12F03}.Debug|Any CPU.Build.0 = Debug|Any CPU
		{3AD5584E-057A-4C52-84EA-32A9BBE12F03}.Release|Any CPU.ActiveCfg = Release|Any CPU
		{3AD5584E-057A-4C52-84EA-32A9BBE12F03}.Release|Any CPU.Build.0 = Release|Any CPU
		{3CCB9193-8416-49AF-A1A3-8D1118CFB25B}.Debug|Any CPU.ActiveCfg = Debug|Any CPU
		{3CCB9193-8416-49AF-A1A3-8D1118CFB25B}.Debug|Any CPU.Build.0 = Debug|Any CPU
		{3CCB9193-8416-49AF-A1A3-8D1118CFB25B}.Release|Any CPU.ActiveCfg = Release|Any CPU
		{3CCB9193-8416-49AF-A1A3-8D1118CFB25B}.Release|Any CPU.Build.0 = Release|Any CPU
		{38227C61-EFFB-4B00-814B-A158000A5F55}.Debug|Any CPU.ActiveCfg = Debug|Any CPU
		{38227C61-EFFB-4B00-814B-A158000A5F55}.Debug|Any CPU.Build.0 = Debug|Any CPU
		{38227C61-EFFB-4B00-814B-A158000A5F55}.Release|Any CPU.ActiveCfg = Release|Any CPU
		{38227C61-EFFB-4B00-814B-A158000A5F55}.Release|Any CPU.Build.0 = Release|Any CPU
		{9FBC8D8C-E600-464D-AE4E-AC1FB59485F6}.Debug|Any CPU.ActiveCfg = Debug|Any CPU
		{9FBC8D8C-E600-464D-AE4E-AC1FB59485F6}.Debug|Any CPU.Build.0 = Debug|Any CPU
		{9FBC8D8C-E600-464D-AE4E-AC1FB59485F6}.Release|Any CPU.ActiveCfg = Release|Any CPU
		{9FBC8D8C-E600-464D-AE4E-AC1FB59485F6}.Release|Any CPU.Build.0 = Release|Any CPU
		{6D413E0A-1CB7-4A2D-8E99-DB4F58D3463E}.Debug|Any CPU.ActiveCfg = Debug|Any CPU
		{6D413E0A-1CB7-4A2D-8E99-DB4F58D3463E}.Debug|Any CPU.Build.0 = Debug|Any CPU
		{6D413E0A-1CB7-4A2D-8E99-DB4F58D3463E}.Release|Any CPU.ActiveCfg = Release|Any CPU
		{6D413E0A-1CB7-4A2D-8E99-DB4F58D3463E}.Release|Any CPU.Build.0 = Release|Any CPU
		{CB623206-F69E-4004-8527-D4B971AA981A}.Debug|Any CPU.ActiveCfg = Debug|Any CPU
		{CB623206-F69E-4004-8527-D4B971AA981A}.Release|Any CPU.ActiveCfg = Release|Any CPU
		{5D076C7F-1F8B-4B11-9910-48717D133963}.Debug|Any CPU.ActiveCfg = Debug|Any CPU
		{5D076C7F-1F8B-4B11-9910-48717D133963}.Debug|Any CPU.Build.0 = Debug|Any CPU
		{5D076C7F-1F8B-4B11-9910-48717D133963}.Release|Any CPU.ActiveCfg = Release|Any CPU
		{5D076C7F-1F8B-4B11-9910-48717D133963}.Release|Any CPU.Build.0 = Release|Any CPU
		{2250D888-E4CC-4B2B-AF31-5C78D76EC73D}.Debug|Any CPU.ActiveCfg = Debug|Any CPU
		{2250D888-E4CC-4B2B-AF31-5C78D76EC73D}.Debug|Any CPU.Build.0 = Debug|Any CPU
		{2250D888-E4CC-4B2B-AF31-5C78D76EC73D}.Release|Any CPU.ActiveCfg = Release|Any CPU
		{2250D888-E4CC-4B2B-AF31-5C78D76EC73D}.Release|Any CPU.Build.0 = Release|Any CPU
		{43F9247D-544B-49FB-9E50-FC236D90DE1A}.Debug|Any CPU.ActiveCfg = Debug|Any CPU
		{43F9247D-544B-49FB-9E50-FC236D90DE1A}.Debug|Any CPU.Build.0 = Debug|Any CPU
		{43F9247D-544B-49FB-9E50-FC236D90DE1A}.Release|Any CPU.ActiveCfg = Release|Any CPU
		{43F9247D-544B-49FB-9E50-FC236D90DE1A}.Release|Any CPU.Build.0 = Release|Any CPU
		{B5200DC5-5E48-4F72-ADA9-96D0380A00CB}.Debug|Any CPU.ActiveCfg = Debug|Any CPU
		{B5200DC5-5E48-4F72-ADA9-96D0380A00CB}.Debug|Any CPU.Build.0 = Debug|Any CPU
		{B5200DC5-5E48-4F72-ADA9-96D0380A00CB}.Release|Any CPU.ActiveCfg = Release|Any CPU
		{B5200DC5-5E48-4F72-ADA9-96D0380A00CB}.Release|Any CPU.Build.0 = Release|Any CPU
		{CE0120A5-A094-40A3-905E-8E14526800D3}.Debug|Any CPU.ActiveCfg = Debug|Any CPU
		{CE0120A5-A094-40A3-905E-8E14526800D3}.Debug|Any CPU.Build.0 = Debug|Any CPU
		{CE0120A5-A094-40A3-905E-8E14526800D3}.Release|Any CPU.ActiveCfg = Release|Any CPU
		{CE0120A5-A094-40A3-905E-8E14526800D3}.Release|Any CPU.Build.0 = Release|Any CPU
		{DC879845-353B-4C62-9640-6EA3008326F7}.Debug|Any CPU.ActiveCfg = Debug|Any CPU
		{DC879845-353B-4C62-9640-6EA3008326F7}.Debug|Any CPU.Build.0 = Debug|Any CPU
		{DC879845-353B-4C62-9640-6EA3008326F7}.Release|Any CPU.ActiveCfg = Release|Any CPU
		{DC879845-353B-4C62-9640-6EA3008326F7}.Release|Any CPU.Build.0 = Release|Any CPU
		{B168C594-0314-4201-A55B-13DBBE2796FE}.Debug|Any CPU.ActiveCfg = Debug|Any CPU
		{B168C594-0314-4201-A55B-13DBBE2796FE}.Debug|Any CPU.Build.0 = Debug|Any CPU
		{B168C594-0314-4201-A55B-13DBBE2796FE}.Release|Any CPU.ActiveCfg = Release|Any CPU
		{B168C594-0314-4201-A55B-13DBBE2796FE}.Release|Any CPU.Build.0 = Release|Any CPU
		{9AE4805D-2586-4FA5-A0D0-885264EBC565}.Debug|Any CPU.ActiveCfg = Debug|Any CPU
		{9AE4805D-2586-4FA5-A0D0-885264EBC565}.Debug|Any CPU.Build.0 = Debug|Any CPU
		{9AE4805D-2586-4FA5-A0D0-885264EBC565}.Release|Any CPU.ActiveCfg = Release|Any CPU
		{9AE4805D-2586-4FA5-A0D0-885264EBC565}.Release|Any CPU.Build.0 = Release|Any CPU
		{9BAEEF56-4061-488A-8FB8-28BDBBB26C3D}.Debug|Any CPU.ActiveCfg = Debug|Any CPU
		{9BAEEF56-4061-488A-8FB8-28BDBBB26C3D}.Debug|Any CPU.Build.0 = Debug|Any CPU
		{9BAEEF56-4061-488A-8FB8-28BDBBB26C3D}.Release|Any CPU.ActiveCfg = Release|Any CPU
		{9BAEEF56-4061-488A-8FB8-28BDBBB26C3D}.Release|Any CPU.Build.0 = Release|Any CPU
		{B235B13F-42AE-42DA-A3C8-20D047F38685}.Debug|Any CPU.ActiveCfg = Debug|Any CPU
		{B235B13F-42AE-42DA-A3C8-20D047F38685}.Debug|Any CPU.Build.0 = Debug|Any CPU
		{B235B13F-42AE-42DA-A3C8-20D047F38685}.Release|Any CPU.ActiveCfg = Release|Any CPU
		{B235B13F-42AE-42DA-A3C8-20D047F38685}.Release|Any CPU.Build.0 = Release|Any CPU
		{1D43C8C5-4116-45C5-9F4B-56C1D926ED29}.Debug|Any CPU.ActiveCfg = Debug|Any CPU
		{1D43C8C5-4116-45C5-9F4B-56C1D926ED29}.Debug|Any CPU.Build.0 = Debug|Any CPU
		{1D43C8C5-4116-45C5-9F4B-56C1D926ED29}.Release|Any CPU.ActiveCfg = Release|Any CPU
		{1D43C8C5-4116-45C5-9F4B-56C1D926ED29}.Release|Any CPU.Build.0 = Release|Any CPU
		{D9CC53B2-5F6B-434B-8689-2350F3A9FB2D}.Debug|Any CPU.ActiveCfg = Debug|Any CPU
		{D9CC53B2-5F6B-434B-8689-2350F3A9FB2D}.Debug|Any CPU.Build.0 = Debug|Any CPU
		{D9CC53B2-5F6B-434B-8689-2350F3A9FB2D}.Release|Any CPU.ActiveCfg = Release|Any CPU
		{D9CC53B2-5F6B-434B-8689-2350F3A9FB2D}.Release|Any CPU.Build.0 = Release|Any CPU
		{27563B4E-ECB1-4F1B-B9F1-22C2C165B270}.Debug|Any CPU.ActiveCfg = Debug|Any CPU
		{27563B4E-ECB1-4F1B-B9F1-22C2C165B270}.Debug|Any CPU.Build.0 = Debug|Any CPU
		{27563B4E-ECB1-4F1B-B9F1-22C2C165B270}.Release|Any CPU.ActiveCfg = Release|Any CPU
		{27563B4E-ECB1-4F1B-B9F1-22C2C165B270}.Release|Any CPU.Build.0 = Release|Any CPU
		{E9C84C9D-7BEB-49E2-A955-04AD999C4266}.Debug|Any CPU.ActiveCfg = Debug|Any CPU
		{E9C84C9D-7BEB-49E2-A955-04AD999C4266}.Debug|Any CPU.Build.0 = Debug|Any CPU
		{E9C84C9D-7BEB-49E2-A955-04AD999C4266}.Release|Any CPU.ActiveCfg = Release|Any CPU
		{E9C84C9D-7BEB-49E2-A955-04AD999C4266}.Release|Any CPU.Build.0 = Release|Any CPU
		{37BD6194-A47B-4D17-BB9A-642E8909DED9}.Debug|Any CPU.ActiveCfg = Debug|Any CPU
		{37BD6194-A47B-4D17-BB9A-642E8909DED9}.Debug|Any CPU.Build.0 = Debug|Any CPU
		{37BD6194-A47B-4D17-BB9A-642E8909DED9}.Release|Any CPU.ActiveCfg = Release|Any CPU
		{37BD6194-A47B-4D17-BB9A-642E8909DED9}.Release|Any CPU.Build.0 = Release|Any CPU
		{11C16D17-C0D0-48C3-B3A6-E9248C515976}.Debug|Any CPU.ActiveCfg = Debug|Any CPU
		{11C16D17-C0D0-48C3-B3A6-E9248C515976}.Debug|Any CPU.Build.0 = Debug|Any CPU
		{11C16D17-C0D0-48C3-B3A6-E9248C515976}.Release|Any CPU.ActiveCfg = Release|Any CPU
		{11C16D17-C0D0-48C3-B3A6-E9248C515976}.Release|Any CPU.Build.0 = Release|Any CPU
		{FB07C133-C353-4061-A308-B9A6EF48AB7E}.Debug|Any CPU.ActiveCfg = Debug|Any CPU
		{FB07C133-C353-4061-A308-B9A6EF48AB7E}.Debug|Any CPU.Build.0 = Debug|Any CPU
		{FB07C133-C353-4061-A308-B9A6EF48AB7E}.Release|Any CPU.ActiveCfg = Release|Any CPU
		{FB07C133-C353-4061-A308-B9A6EF48AB7E}.Release|Any CPU.Build.0 = Release|Any CPU
		{FC0276AB-9063-4DB9-9078-DCEF1F1091A9}.Debug|Any CPU.ActiveCfg = Debug|Any CPU
		{FC0276AB-9063-4DB9-9078-DCEF1F1091A9}.Debug|Any CPU.Build.0 = Debug|Any CPU
		{FC0276AB-9063-4DB9-9078-DCEF1F1091A9}.Release|Any CPU.ActiveCfg = Release|Any CPU
		{FC0276AB-9063-4DB9-9078-DCEF1F1091A9}.Release|Any CPU.Build.0 = Release|Any CPU
		{0EEA16C4-C7DF-4D90-94C2-009417D765AC}.Debug|Any CPU.ActiveCfg = Debug|Any CPU
		{0EEA16C4-C7DF-4D90-94C2-009417D765AC}.Debug|Any CPU.Build.0 = Debug|Any CPU
		{0EEA16C4-C7DF-4D90-94C2-009417D765AC}.Release|Any CPU.ActiveCfg = Release|Any CPU
		{0EEA16C4-C7DF-4D90-94C2-009417D765AC}.Release|Any CPU.Build.0 = Release|Any CPU
		{A88A3877-05D6-45B2-94E4-5C583BD6EEDC}.Debug|Any CPU.ActiveCfg = Debug|Any CPU
		{A88A3877-05D6-45B2-94E4-5C583BD6EEDC}.Debug|Any CPU.Build.0 = Debug|Any CPU
		{A88A3877-05D6-45B2-94E4-5C583BD6EEDC}.Release|Any CPU.ActiveCfg = Release|Any CPU
		{A88A3877-05D6-45B2-94E4-5C583BD6EEDC}.Release|Any CPU.Build.0 = Release|Any CPU
		{F1DD170E-2DD8-4CBD-A2BB-C19CF0033982}.Debug|Any CPU.ActiveCfg = Debug|Any CPU
		{F1DD170E-2DD8-4CBD-A2BB-C19CF0033982}.Debug|Any CPU.Build.0 = Debug|Any CPU
		{F1DD170E-2DD8-4CBD-A2BB-C19CF0033982}.Release|Any CPU.ActiveCfg = Release|Any CPU
		{F1DD170E-2DD8-4CBD-A2BB-C19CF0033982}.Release|Any CPU.Build.0 = Release|Any CPU
		{BA2D3FCD-C25E-4E34-9A30-BE1FB16E1841}.Debug|Any CPU.ActiveCfg = Debug|Any CPU
		{BA2D3FCD-C25E-4E34-9A30-BE1FB16E1841}.Debug|Any CPU.Build.0 = Debug|Any CPU
		{BA2D3FCD-C25E-4E34-9A30-BE1FB16E1841}.Release|Any CPU.ActiveCfg = Release|Any CPU
		{BA2D3FCD-C25E-4E34-9A30-BE1FB16E1841}.Release|Any CPU.Build.0 = Release|Any CPU
		{4983083A-87AD-496E-B0BC-84C8097D0590}.Debug|Any CPU.ActiveCfg = Debug|Any CPU
		{4983083A-87AD-496E-B0BC-84C8097D0590}.Debug|Any CPU.Build.0 = Debug|Any CPU
		{4983083A-87AD-496E-B0BC-84C8097D0590}.Release|Any CPU.ActiveCfg = Release|Any CPU
		{4983083A-87AD-496E-B0BC-84C8097D0590}.Release|Any CPU.Build.0 = Release|Any CPU
		{14BEE605-6180-4B9E-87F5-A24BA79461B5}.Debug|Any CPU.ActiveCfg = Debug|Any CPU
		{14BEE605-6180-4B9E-87F5-A24BA79461B5}.Debug|Any CPU.Build.0 = Debug|Any CPU
		{14BEE605-6180-4B9E-87F5-A24BA79461B5}.Release|Any CPU.ActiveCfg = Release|Any CPU
		{14BEE605-6180-4B9E-87F5-A24BA79461B5}.Release|Any CPU.Build.0 = Release|Any CPU
		{AAB983A1-6080-449D-95D8-7E7BA05DDFAA}.Debug|Any CPU.ActiveCfg = Debug|Any CPU
		{AAB983A1-6080-449D-95D8-7E7BA05DDFAA}.Debug|Any CPU.Build.0 = Debug|Any CPU
		{AAB983A1-6080-449D-95D8-7E7BA05DDFAA}.Release|Any CPU.ActiveCfg = Release|Any CPU
		{AAB983A1-6080-449D-95D8-7E7BA05DDFAA}.Release|Any CPU.Build.0 = Release|Any CPU
		{346D3A9A-1296-4915-BB6C-8533731D3B3B}.Debug|Any CPU.ActiveCfg = Debug|Any CPU
		{346D3A9A-1296-4915-BB6C-8533731D3B3B}.Debug|Any CPU.Build.0 = Debug|Any CPU
		{346D3A9A-1296-4915-BB6C-8533731D3B3B}.Release|Any CPU.ActiveCfg = Release|Any CPU
		{346D3A9A-1296-4915-BB6C-8533731D3B3B}.Release|Any CPU.Build.0 = Release|Any CPU
		{F72182DC-A933-4C4B-8321-830D0DFB857C}.Debug|Any CPU.ActiveCfg = Debug|Any CPU
		{F72182DC-A933-4C4B-8321-830D0DFB857C}.Debug|Any CPU.Build.0 = Debug|Any CPU
		{F72182DC-A933-4C4B-8321-830D0DFB857C}.Release|Any CPU.ActiveCfg = Release|Any CPU
		{F72182DC-A933-4C4B-8321-830D0DFB857C}.Release|Any CPU.Build.0 = Release|Any CPU
		{FFA9A7E4-954F-47A1-A9FD-0FE07EB846C6}.Debug|Any CPU.ActiveCfg = Debug|Any CPU
		{FFA9A7E4-954F-47A1-A9FD-0FE07EB846C6}.Debug|Any CPU.Build.0 = Debug|Any CPU
		{FFA9A7E4-954F-47A1-A9FD-0FE07EB846C6}.Release|Any CPU.ActiveCfg = Release|Any CPU
		{FFA9A7E4-954F-47A1-A9FD-0FE07EB846C6}.Release|Any CPU.Build.0 = Release|Any CPU
		{8CF18906-150C-4AD9-B108-2A39B31105C5}.Debug|Any CPU.ActiveCfg = Debug|Any CPU
		{8CF18906-150C-4AD9-B108-2A39B31105C5}.Debug|Any CPU.Build.0 = Debug|Any CPU
		{8CF18906-150C-4AD9-B108-2A39B31105C5}.Release|Any CPU.ActiveCfg = Release|Any CPU
		{8CF18906-150C-4AD9-B108-2A39B31105C5}.Release|Any CPU.Build.0 = Release|Any CPU
		{B7B0104C-CADC-42E0-B08B-5187926BFF6F}.Debug|Any CPU.ActiveCfg = Debug|Any CPU
		{B7B0104C-CADC-42E0-B08B-5187926BFF6F}.Debug|Any CPU.Build.0 = Debug|Any CPU
		{B7B0104C-CADC-42E0-B08B-5187926BFF6F}.Release|Any CPU.ActiveCfg = Release|Any CPU
		{B7B0104C-CADC-42E0-B08B-5187926BFF6F}.Release|Any CPU.Build.0 = Release|Any CPU
		{4E235C21-5637-4498-8335-134ACAA4884E}.Debug|Any CPU.ActiveCfg = Debug|Any CPU
		{4E235C21-5637-4498-8335-134ACAA4884E}.Debug|Any CPU.Build.0 = Debug|Any CPU
		{4E235C21-5637-4498-8335-134ACAA4884E}.Release|Any CPU.ActiveCfg = Release|Any CPU
		{4E235C21-5637-4498-8335-134ACAA4884E}.Release|Any CPU.Build.0 = Release|Any CPU
		{456A8639-FE1B-426A-9C72-5252AB4D3AD5}.Debug|Any CPU.ActiveCfg = Debug|Any CPU
		{456A8639-FE1B-426A-9C72-5252AB4D3AD5}.Debug|Any CPU.Build.0 = Debug|Any CPU
		{456A8639-FE1B-426A-9C72-5252AB4D3AD5}.Release|Any CPU.ActiveCfg = Release|Any CPU
		{456A8639-FE1B-426A-9C72-5252AB4D3AD5}.Release|Any CPU.Build.0 = Release|Any CPU
		{2B23487A-B340-4F5C-A49B-9B829F437A5A}.Debug|Any CPU.ActiveCfg = Debug|Any CPU
		{2B23487A-B340-4F5C-A49B-9B829F437A5A}.Debug|Any CPU.Build.0 = Debug|Any CPU
		{2B23487A-B340-4F5C-A49B-9B829F437A5A}.Release|Any CPU.ActiveCfg = Release|Any CPU
		{2B23487A-B340-4F5C-A49B-9B829F437A5A}.Release|Any CPU.Build.0 = Release|Any CPU
		{1D6B0C67-42C8-4AB4-A795-B6FF8EF7196E}.Debug|Any CPU.ActiveCfg = Debug|Any CPU
		{1D6B0C67-42C8-4AB4-A795-B6FF8EF7196E}.Debug|Any CPU.Build.0 = Debug|Any CPU
		{1D6B0C67-42C8-4AB4-A795-B6FF8EF7196E}.Release|Any CPU.ActiveCfg = Release|Any CPU
		{1D6B0C67-42C8-4AB4-A795-B6FF8EF7196E}.Release|Any CPU.Build.0 = Release|Any CPU
		{3D31589A-CA44-4D6D-9944-26CE9640A283}.Debug|Any CPU.ActiveCfg = Debug|Any CPU
		{3D31589A-CA44-4D6D-9944-26CE9640A283}.Debug|Any CPU.Build.0 = Debug|Any CPU
		{3D31589A-CA44-4D6D-9944-26CE9640A283}.Release|Any CPU.ActiveCfg = Release|Any CPU
		{3D31589A-CA44-4D6D-9944-26CE9640A283}.Release|Any CPU.Build.0 = Release|Any CPU
		{2B62E740-A493-42D6-BE5E-709BD07F877E}.Debug|Any CPU.ActiveCfg = Debug|Any CPU
		{2B62E740-A493-42D6-BE5E-709BD07F877E}.Debug|Any CPU.Build.0 = Debug|Any CPU
		{2B62E740-A493-42D6-BE5E-709BD07F877E}.Release|Any CPU.ActiveCfg = Release|Any CPU
		{2B62E740-A493-42D6-BE5E-709BD07F877E}.Release|Any CPU.Build.0 = Release|Any CPU
		{A124FE13-1C70-4D59-8577-9BD4204923CA}.Debug|Any CPU.ActiveCfg = Debug|Any CPU
		{A124FE13-1C70-4D59-8577-9BD4204923CA}.Debug|Any CPU.Build.0 = Debug|Any CPU
		{A124FE13-1C70-4D59-8577-9BD4204923CA}.Release|Any CPU.ActiveCfg = Release|Any CPU
		{A124FE13-1C70-4D59-8577-9BD4204923CA}.Release|Any CPU.Build.0 = Release|Any CPU
		{8E3D94CD-3378-4431-8956-07644A64D4E8}.Debug|Any CPU.ActiveCfg = Debug|Any CPU
		{8E3D94CD-3378-4431-8956-07644A64D4E8}.Debug|Any CPU.Build.0 = Debug|Any CPU
		{8E3D94CD-3378-4431-8956-07644A64D4E8}.Release|Any CPU.ActiveCfg = Release|Any CPU
		{8E3D94CD-3378-4431-8956-07644A64D4E8}.Release|Any CPU.Build.0 = Release|Any CPU
		{9879E646-63ED-474C-905B-1B469403F0A5}.Debug|Any CPU.ActiveCfg = Debug|Any CPU
		{9879E646-63ED-474C-905B-1B469403F0A5}.Debug|Any CPU.Build.0 = Debug|Any CPU
		{9879E646-63ED-474C-905B-1B469403F0A5}.Release|Any CPU.ActiveCfg = Release|Any CPU
		{9879E646-63ED-474C-905B-1B469403F0A5}.Release|Any CPU.Build.0 = Release|Any CPU
		{E6217549-8C21-4E95-BDF2-E782922CD104}.Debug|Any CPU.ActiveCfg = Debug|Any CPU
		{E6217549-8C21-4E95-BDF2-E782922CD104}.Debug|Any CPU.Build.0 = Debug|Any CPU
		{E6217549-8C21-4E95-BDF2-E782922CD104}.Release|Any CPU.ActiveCfg = Release|Any CPU
		{E6217549-8C21-4E95-BDF2-E782922CD104}.Release|Any CPU.Build.0 = Release|Any CPU
	EndGlobalSection
	GlobalSection(SolutionProperties) = preSolution
		HideSolutionNode = FALSE
	EndGlobalSection
	GlobalSection(NestedProjects) = preSolution
		{0ADF687D-4DB7-417E-80B4-27B3FD86875E} = {3C791D9C-6F19-4F46-B367-2EC0F818762D}
		{90BC9629-C8D2-4FD5-863E-EA2D5FB37341} = {3734A52F-2222-454B-BF58-1BA5C1F29D77}
		{D35FFCED-CFF1-45D6-BD30-02CEA0DDE2AC} = {3734A52F-2222-454B-BF58-1BA5C1F29D77}
		{CB373BA1-19BF-4463-BCA4-BCA78F3C6FF3} = {3734A52F-2222-454B-BF58-1BA5C1F29D77}
		{4BEAD125-6F93-4566-A1D3-362F55D7AD4C} = {267A241E-571F-458F-B04C-B6C4DE79E735}
		{36D72723-2161-4322-A04B-E97D0CB48EF6} = {267A241E-571F-458F-B04C-B6C4DE79E735}
		{19C9C1BA-4BCC-4708-92C3-8F5AE18B44F8} = {3C791D9C-6F19-4F46-B367-2EC0F818762D}
		{C0F1E546-4388-4EA5-8C7C-ACA8CFA4CE2F} = {3734A52F-2222-454B-BF58-1BA5C1F29D77}
		{1AAB1A30-42C0-4C76-AE2E-9D7293945D80} = {3C791D9C-6F19-4F46-B367-2EC0F818762D}
		{F069CE99-F418-4BC2-9E44-8F03497D8DA8} = {267A241E-571F-458F-B04C-B6C4DE79E735}
		{C45DCD78-7E8A-437C-ABBB-01D154ABCFC4} = {3C791D9C-6F19-4F46-B367-2EC0F818762D}
		{319E2094-D2E1-46C5-8985-9693CD8DDCBD} = {3C791D9C-6F19-4F46-B367-2EC0F818762D}
		{D6FFDDAB-9D76-442F-8F1D-BD6F553F92FA} = {3734A52F-2222-454B-BF58-1BA5C1F29D77}
		{12FFCFF6-858C-4E6E-935C-E304712DECA4} = {3734A52F-2222-454B-BF58-1BA5C1F29D77}
		{40B47FD4-6E67-4D52-B9A4-607B9D01D9F5} = {267A241E-571F-458F-B04C-B6C4DE79E735}
		{4253798D-A160-40B3-8F16-5BF64C559B93} = {267A241E-571F-458F-B04C-B6C4DE79E735}
		{AFFB238B-10C0-4229-9527-184EFCF0F5AC} = {267A241E-571F-458F-B04C-B6C4DE79E735}
		{79BEA612-E2C8-47FD-84DC-A1B17AAD5038} = {267A241E-571F-458F-B04C-B6C4DE79E735}
		{F6027B7F-2AD7-4F43-8DDC-123E4824F15F} = {3734A52F-2222-454B-BF58-1BA5C1F29D77}
		{968E1E85-E996-42DE-9845-D20DAE16165A} = {267A241E-571F-458F-B04C-B6C4DE79E735}
		{A4EF875C-92AD-4538-AFF1-1DA277F1085A} = {267A241E-571F-458F-B04C-B6C4DE79E735}
		{7B18C4C5-099B-41D1-8CC2-2D2C412B80CD} = {3734A52F-2222-454B-BF58-1BA5C1F29D77}
		{9BA642D5-2C8A-4B5E-AA75-50A4C29B0CCC} = {3734A52F-2222-454B-BF58-1BA5C1F29D77}
		{77812373-D9CB-4DDC-B0D4-A192F7FC2330} = {3734A52F-2222-454B-BF58-1BA5C1F29D77}
		{00AD0047-92A6-48CC-B67D-A3DB2812CE28} = {3C791D9C-6F19-4F46-B367-2EC0F818762D}
		{E30DEF03-4E0B-46A0-87D0-E80545D99BBA} = {267A241E-571F-458F-B04C-B6C4DE79E735}
		{0FE5E852-E3AF-45F9-BF3A-8CD739C0807F} = {3C791D9C-6F19-4F46-B367-2EC0F818762D}
		{6E6B9E49-EE42-4EB6-8248-BEEC8522937B} = {3C791D9C-6F19-4F46-B367-2EC0F818762D}
		{CC52EA80-5E18-4370-ACB3-9424B6BB6B68} = {3C791D9C-6F19-4F46-B367-2EC0F818762D}
		{8F1B46E1-F1A0-4744-9D9A-AA1BB33842C8} = {3734A52F-2222-454B-BF58-1BA5C1F29D77}
		{3AD5584E-057A-4C52-84EA-32A9BBE12F03} = {267A241E-571F-458F-B04C-B6C4DE79E735}
		{3CCB9193-8416-49AF-A1A3-8D1118CFB25B} = {267A241E-571F-458F-B04C-B6C4DE79E735}
		{38227C61-EFFB-4B00-814B-A158000A5F55} = {3734A52F-2222-454B-BF58-1BA5C1F29D77}
		{9FBC8D8C-E600-464D-AE4E-AC1FB59485F6} = {3C791D9C-6F19-4F46-B367-2EC0F818762D}
		{6D413E0A-1CB7-4A2D-8E99-DB4F58D3463E} = {267A241E-571F-458F-B04C-B6C4DE79E735}
		{CB623206-F69E-4004-8527-D4B971AA981A} = {B406113B-0917-4531-AFEE-66DDB952590F}
		{5D076C7F-1F8B-4B11-9910-48717D133963} = {3734A52F-2222-454B-BF58-1BA5C1F29D77}
		{2250D888-E4CC-4B2B-AF31-5C78D76EC73D} = {267A241E-571F-458F-B04C-B6C4DE79E735}
		{43F9247D-544B-49FB-9E50-FC236D90DE1A} = {267A241E-571F-458F-B04C-B6C4DE79E735}
		{B5200DC5-5E48-4F72-ADA9-96D0380A00CB} = {3734A52F-2222-454B-BF58-1BA5C1F29D77}
		{CE0120A5-A094-40A3-905E-8E14526800D3} = {267A241E-571F-458F-B04C-B6C4DE79E735}
		{DC879845-353B-4C62-9640-6EA3008326F7} = {267A241E-571F-458F-B04C-B6C4DE79E735}
		{B168C594-0314-4201-A55B-13DBBE2796FE} = {3C791D9C-6F19-4F46-B367-2EC0F818762D}
		{9AE4805D-2586-4FA5-A0D0-885264EBC565} = {267A241E-571F-458F-B04C-B6C4DE79E735}
		{9BAEEF56-4061-488A-8FB8-28BDBBB26C3D} = {3734A52F-2222-454B-BF58-1BA5C1F29D77}
		{B235B13F-42AE-42DA-A3C8-20D047F38685} = {267A241E-571F-458F-B04C-B6C4DE79E735}
		{1D43C8C5-4116-45C5-9F4B-56C1D926ED29} = {3734A52F-2222-454B-BF58-1BA5C1F29D77}
		{D9CC53B2-5F6B-434B-8689-2350F3A9FB2D} = {267A241E-571F-458F-B04C-B6C4DE79E735}
		{27563B4E-ECB1-4F1B-B9F1-22C2C165B270} = {3C791D9C-6F19-4F46-B367-2EC0F818762D}
		{E9C84C9D-7BEB-49E2-A955-04AD999C4266} = {3734A52F-2222-454B-BF58-1BA5C1F29D77}
		{37BD6194-A47B-4D17-BB9A-642E8909DED9} = {267A241E-571F-458F-B04C-B6C4DE79E735}
		{11C16D17-C0D0-48C3-B3A6-E9248C515976} = {3734A52F-2222-454B-BF58-1BA5C1F29D77}
		{FB07C133-C353-4061-A308-B9A6EF48AB7E} = {267A241E-571F-458F-B04C-B6C4DE79E735}
		{FC0276AB-9063-4DB9-9078-DCEF1F1091A9} = {3734A52F-2222-454B-BF58-1BA5C1F29D77}
		{0EEA16C4-C7DF-4D90-94C2-009417D765AC} = {267A241E-571F-458F-B04C-B6C4DE79E735}
		{A88A3877-05D6-45B2-94E4-5C583BD6EEDC} = {3734A52F-2222-454B-BF58-1BA5C1F29D77}
		{F1DD170E-2DD8-4CBD-A2BB-C19CF0033982} = {3734A52F-2222-454B-BF58-1BA5C1F29D77}
		{BA2D3FCD-C25E-4E34-9A30-BE1FB16E1841} = {3C791D9C-6F19-4F46-B367-2EC0F818762D}
		{4983083A-87AD-496E-B0BC-84C8097D0590} = {267A241E-571F-458F-B04C-B6C4DE79E735}
		{14BEE605-6180-4B9E-87F5-A24BA79461B5} = {3C791D9C-6F19-4F46-B367-2EC0F818762D}
		{AAB983A1-6080-449D-95D8-7E7BA05DDFAA} = {3C791D9C-6F19-4F46-B367-2EC0F818762D}
		{346D3A9A-1296-4915-BB6C-8533731D3B3B} = {3C791D9C-6F19-4F46-B367-2EC0F818762D}
		{F72182DC-A933-4C4B-8321-830D0DFB857C} = {3C791D9C-6F19-4F46-B367-2EC0F818762D}
		{FFA9A7E4-954F-47A1-A9FD-0FE07EB846C6} = {3C791D9C-6F19-4F46-B367-2EC0F818762D}
		{8CF18906-150C-4AD9-B108-2A39B31105C5} = {3C791D9C-6F19-4F46-B367-2EC0F818762D}
		{B7B0104C-CADC-42E0-B08B-5187926BFF6F} = {3734A52F-2222-454B-BF58-1BA5C1F29D77}
		{4E235C21-5637-4498-8335-134ACAA4884E} = {3734A52F-2222-454B-BF58-1BA5C1F29D77}
		{456A8639-FE1B-426A-9C72-5252AB4D3AD5} = {3C791D9C-6F19-4F46-B367-2EC0F818762D}
		{2B23487A-B340-4F5C-A49B-9B829F437A5A} = {3C791D9C-6F19-4F46-B367-2EC0F818762D}
		{1D6B0C67-42C8-4AB4-A795-B6FF8EF7196E} = {3C791D9C-6F19-4F46-B367-2EC0F818762D}
		{3D31589A-CA44-4D6D-9944-26CE9640A283} = {3C791D9C-6F19-4F46-B367-2EC0F818762D}
		{2B62E740-A493-42D6-BE5E-709BD07F877E} = {3C791D9C-6F19-4F46-B367-2EC0F818762D}
		{A124FE13-1C70-4D59-8577-9BD4204923CA} = {3734A52F-2222-454B-BF58-1BA5C1F29D77}
		{8E3D94CD-3378-4431-8956-07644A64D4E8} = {267A241E-571F-458F-B04C-B6C4DE79E735}
		{9879E646-63ED-474C-905B-1B469403F0A5} = {3C791D9C-6F19-4F46-B367-2EC0F818762D}
		{E6217549-8C21-4E95-BDF2-E782922CD104} = {267A241E-571F-458F-B04C-B6C4DE79E735}
	EndGlobalSection
	GlobalSection(ExtensibilityGlobals) = postSolution
		SolutionGuid = {69E02FD9-C9DE-412C-AB6B-5B8BECC6BFA5}
	EndGlobalSection
EndGlobal
