
Microsoft Visual Studio Solution File, Format Version 12.00
# Visual Studio Version 17
VisualStudioVersion = 17.7.34221.43
MinimumVisualStudioVersion = 10.0.40219.1
Project("{2150E333-8FDC-42A3-9474-1A3956D46DE8}") = "src", "src", "{3734A52F-2222-454B-BF58-1BA5C1F29D77}"
	ProjectSection(SolutionItems) = preProject
		src\Directory.Build.props = src\Directory.Build.props
		src\Directory.Build.targets = src\Directory.Build.targets
	EndProjectSection
EndProject
Project("{2150E333-8FDC-42A3-9474-1A3956D46DE8}") = "sample", "sample", "{3C791D9C-6F19-4F46-B367-2EC0F818762D}"
	ProjectSection(SolutionItems) = preProject
		sample\Directory.Build.props = sample\Directory.Build.props
	EndProjectSection
EndProject
Project("{9A19103F-16F7-4668-BE54-9A1E7A4F7556}") = "SampleAspNetCoreApp", "test\integrations\applications\SampleAspNetCoreApp\SampleAspNetCoreApp.csproj", "{0ADF687D-4DB7-417E-80B4-27B3FD86875E}"
EndProject
Project("{2150E333-8FDC-42A3-9474-1A3956D46DE8}") = "test", "test", "{267A241E-571F-458F-B04C-B6C4DE79E735}"
	ProjectSection(SolutionItems) = preProject
		test\Directory.Build.props = test\Directory.Build.props
		test\xunit.runner.json = test\xunit.runner.json
	EndProjectSection
EndProject
Project("{9A19103F-16F7-4668-BE54-9A1E7A4F7556}") = "Elastic.Apm", "src\Elastic.Apm\Elastic.Apm.csproj", "{90BC9629-C8D2-4FD5-863E-EA2D5FB37341}"
EndProject
Project("{9A19103F-16F7-4668-BE54-9A1E7A4F7556}") = "Elastic.Apm.Tests", "test\Elastic.Apm.Tests\Elastic.Apm.Tests.csproj", "{4BEAD125-6F93-4566-A1D3-362F55D7AD4C}"
EndProject
Project("{9A19103F-16F7-4668-BE54-9A1E7A4F7556}") = "Elastic.Apm.AspNetCore.Tests", "test\integrations\Elastic.Apm.AspNetCore.Tests\Elastic.Apm.AspNetCore.Tests.csproj", "{36D72723-2161-4322-A04B-E97D0CB48EF6}"
EndProject
Project("{9A19103F-16F7-4668-BE54-9A1E7A4F7556}") = "ApiSamples", "sample\ApiSamples\ApiSamples.csproj", "{19C9C1BA-4BCC-4708-92C3-8F5AE18B44F8}"
EndProject
Project("{9A19103F-16F7-4668-BE54-9A1E7A4F7556}") = "HttpListenerSample", "sample\HttpListenerSample\HttpListenerSample.csproj", "{1AAB1A30-42C0-4C76-AE2E-9D7293945D80}"
EndProject
Project("{9A19103F-16F7-4668-BE54-9A1E7A4F7556}") = "Elastic.Apm.Benchmarks", "benchmarks\Elastic.Apm.Benchmarks\Elastic.Apm.Benchmarks.csproj", "{F069CE99-F418-4BC2-9E44-8F03497D8DA8}"
EndProject
Project("{9A19103F-16F7-4668-BE54-9A1E7A4F7556}") = "AspNetFullFrameworkSampleApp", "test\iis\AspNetFullFrameworkSampleApp\AspNetFullFrameworkSampleApp.csproj", "{C45DCD78-7E8A-437C-ABBB-01D154ABCFC4}"
EndProject
Project("{9A19103F-16F7-4668-BE54-9A1E7A4F7556}") = "WebApiSample", "test\integrations\applications\WebApiSample\WebApiSample.csproj", "{319E2094-D2E1-46C5-8985-9693CD8DDCBD}"
EndProject
Project("{9A19103F-16F7-4668-BE54-9A1E7A4F7556}") = "Elastic.Apm.Docker.Tests", "test\instrumentations\Elastic.Apm.Docker.Tests\Elastic.Apm.Docker.Tests.csproj", "{40B47FD4-6E67-4D52-B9A4-607B9D01D9F5}"
EndProject
Project("{9A19103F-16F7-4668-BE54-9A1E7A4F7556}") = "Elastic.Apm.AspNetFullFramework.Tests", "test\iis\Elastic.Apm.AspNetFullFramework.Tests\Elastic.Apm.AspNetFullFramework.Tests.csproj", "{4253798D-A160-40B3-8F16-5BF64C559B93}"
EndProject
Project("{9A19103F-16F7-4668-BE54-9A1E7A4F7556}") = "Elastic.Apm.Tests.MockApmServer", "test\Elastic.Apm.Tests.MockApmServer\Elastic.Apm.Tests.MockApmServer.csproj", "{AFFB238B-10C0-4229-9527-184EFCF0F5AC}"
EndProject
Project("{9A19103F-16F7-4668-BE54-9A1E7A4F7556}") = "ci", ".ci\ci.csproj", "{9AAC1E7A-5887-46BC-96DA-DDFFF0F7CDC2}"
EndProject
Project("{9A19103F-16F7-4668-BE54-9A1E7A4F7556}") = "Elastic.Apm.EntityFrameworkCore.Tests", "test\instrumentations\Elastic.Apm.EntityFrameworkCore.Tests\Elastic.Apm.EntityFrameworkCore.Tests.csproj", "{79BEA612-E2C8-47FD-84DC-A1B17AAD5038}"
EndProject
Project("{9A19103F-16F7-4668-BE54-9A1E7A4F7556}") = "Elastic.Apm.SqlClient.Tests", "test\instrumentations\Elastic.Apm.SqlClient.Tests\Elastic.Apm.SqlClient.Tests.csproj", "{968E1E85-E996-42DE-9845-D20DAE16165A}"
EndProject
Project("{9A19103F-16F7-4668-BE54-9A1E7A4F7556}") = "Elastic.Apm.Feature.Tests", "test\Elastic.Apm.Feature.Tests\Elastic.Apm.Feature.Tests.csproj", "{A4EF875C-92AD-4538-AFF1-1DA277F1085A}"
EndProject
Project("{9A19103F-16F7-4668-BE54-9A1E7A4F7556}") = "SampleConsoleNetCoreApp", "test\integrations\applications\SampleConsoleNetCoreApp\SampleConsoleNetCoreApp.csproj", "{00AD0047-92A6-48CC-B67D-A3DB2812CE28}"
EndProject
Project("{9A19103F-16F7-4668-BE54-9A1E7A4F7556}") = "Elastic.Apm.Elasticsearch.Tests", "test\instrumentations\Elastic.Apm.Elasticsearch.Tests\Elastic.Apm.Elasticsearch.Tests.csproj", "{E30DEF03-4E0B-46A0-87D0-E80545D99BBA}"
EndProject
Project("{9A19103F-16F7-4668-BE54-9A1E7A4F7556}") = "ElasticsearchSample", "sample\ElasticsearchSample\ElasticsearchSample.csproj", "{0FE5E852-E3AF-45F9-BF3A-8CD739C0807F}"
EndProject
Project("{9A19103F-16F7-4668-BE54-9A1E7A4F7556}") = "GrpcServiceSample", "test\instrumentations\grpc\GrpcServiceSample\GrpcServiceSample.csproj", "{6E6B9E49-EE42-4EB6-8248-BEEC8522937B}"
EndProject
Project("{9A19103F-16F7-4668-BE54-9A1E7A4F7556}") = "GrpcClientSample", "test\instrumentations\grpc\GrpcClientSample\GrpcClientSample.csproj", "{CC52EA80-5E18-4370-ACB3-9424B6BB6B68}"
EndProject
Project("{9A19103F-16F7-4668-BE54-9A1E7A4F7556}") = "Elastic.Apm.Grpc.Tests", "test\instrumentations\grpc\Elastic.Apm.Grpc.Tests\Elastic.Apm.Grpc.Tests.csproj", "{3AD5584E-057A-4C52-84EA-32A9BBE12F03}"
EndProject
Project("{9A19103F-16F7-4668-BE54-9A1E7A4F7556}") = "Elastic.Apm.Extensions.Hosting.Tests", "test\integrations\Elastic.Apm.Extensions.Hosting.Tests\Elastic.Apm.Extensions.Hosting.Tests.csproj", "{3CCB9193-8416-49AF-A1A3-8D1118CFB25B}"
EndProject
Project("{9A19103F-16F7-4668-BE54-9A1E7A4F7556}") = "StackExchangeRedisSample", "sample\StackExchangeRedisSample\StackExchangeRedisSample.csproj", "{9FBC8D8C-E600-464D-AE4E-AC1FB59485F6}"
EndProject
Project("{9A19103F-16F7-4668-BE54-9A1E7A4F7556}") = "Elastic.Apm.StackExchange.Redis.Tests", "test\instrumentations\Elastic.Apm.StackExchange.Redis.Tests\Elastic.Apm.StackExchange.Redis.Tests.csproj", "{6D413E0A-1CB7-4A2D-8E99-DB4F58D3463E}"
EndProject
Project("{9A19103F-16F7-4668-BE54-9A1E7A4F7556}") = "Elastic.Apm.Specification", "src\Elastic.Apm.Specification\Elastic.Apm.Specification.csproj", "{5D076C7F-1F8B-4B11-9910-48717D133963}"
EndProject
Project("{9A19103F-16F7-4668-BE54-9A1E7A4F7556}") = "Elastic.Apm.AspNetCore.Static.Tests", "test\integrations\Elastic.Apm.AspNetCore.Static.Tests\Elastic.Apm.AspNetCore.Static.Tests.csproj", "{2250D888-E4CC-4B2B-AF31-5C78D76EC73D}"
EndProject
Project("{9A19103F-16F7-4668-BE54-9A1E7A4F7556}") = "Elastic.Apm.Tests.Utilities", "test\Elastic.Apm.Tests.Utilities\Elastic.Apm.Tests.Utilities.csproj", "{43F9247D-544B-49FB-9E50-FC236D90DE1A}"
EndProject
Project("{9A19103F-16F7-4668-BE54-9A1E7A4F7556}") = "Elastic.Apm.StaticImplicitInitialization.Tests", "test\integrations\Elastic.Apm.StaticImplicitInitialization.Tests\Elastic.Apm.StaticImplicitInitialization.Tests.csproj", "{CE0120A5-A094-40A3-905E-8E14526800D3}"
EndProject
Project("{9A19103F-16F7-4668-BE54-9A1E7A4F7556}") = "Elastic.Apm.StaticExplicitInitialization.Tests", "test\integrations\Elastic.Apm.StaticExplicitInitialization.Tests\Elastic.Apm.StaticExplicitInitialization.Tests.csproj", "{DC879845-353B-4C62-9640-6EA3008326F7}"
EndProject
Project("{9A19103F-16F7-4668-BE54-9A1E7A4F7556}") = "Elastic.Apm.StartupHook.Sample", "test\startuphook\Elastic.Apm.StartupHook.Sample\Elastic.Apm.StartupHook.Sample.csproj", "{B168C594-0314-4201-A55B-13DBBE2796FE}"
EndProject
Project("{9A19103F-16F7-4668-BE54-9A1E7A4F7556}") = "Elastic.Apm.StartupHook.Tests", "test\startuphook\Elastic.Apm.StartupHook.Tests\Elastic.Apm.StartupHook.Tests.csproj", "{9AE4805D-2586-4FA5-A0D0-885264EBC565}"
EndProject
Project("{9A19103F-16F7-4668-BE54-9A1E7A4F7556}") = "Elastic.Apm.Extensions.Logging.Tests", "test\integrations\Elastic.Apm.Extensions.Logging.Tests\Elastic.Apm.Extensions.Logging.Tests.csproj", "{B235B13F-42AE-42DA-A3C8-20D047F38685}"
EndProject
Project("{9A19103F-16F7-4668-BE54-9A1E7A4F7556}") = "Elastic.Apm.MongoDb.Tests", "test\instrumentations\Elastic.Apm.MongoDb.Tests\Elastic.Apm.MongoDb.Tests.csproj", "{FB07C133-C353-4061-A308-B9A6EF48AB7E}"
EndProject
Project("{9A19103F-16F7-4668-BE54-9A1E7A4F7556}") = "Elastic.Apm.Azure.ServiceBus.Tests", "test\azure\Elastic.Apm.Azure.ServiceBus.Tests\Elastic.Apm.Azure.ServiceBus.Tests.csproj", "{D9CC53B2-5F6B-434B-8689-2350F3A9FB2D}"
EndProject
Project("{9A19103F-16F7-4668-BE54-9A1E7A4F7556}") = "Elastic.Apm.Azure.ServiceBus.Sample", "sample\Elastic.Apm.Azure.ServiceBus.Sample\Elastic.Apm.Azure.ServiceBus.Sample.csproj", "{27563B4E-ECB1-4F1B-B9F1-22C2C165B270}"
EndProject
Project("{9A19103F-16F7-4668-BE54-9A1E7A4F7556}") = "Elastic.Apm.Azure.Storage.Tests", "test\azure\Elastic.Apm.Azure.Storage.Tests\Elastic.Apm.Azure.Storage.Tests.csproj", "{37BD6194-A47B-4D17-BB9A-642E8909DED9}"
EndProject
Project("{9A19103F-16F7-4668-BE54-9A1E7A4F7556}") = "Elastic.Apm.Azure.CosmosDb.Tests", "test\azure\Elastic.Apm.Azure.CosmosDb.Tests\Elastic.Apm.Azure.CosmosDb.Tests.csproj", "{0EEA16C4-C7DF-4D90-94C2-009417D765AC}"
EndProject
Project("{9A19103F-16F7-4668-BE54-9A1E7A4F7556}") = "NpgsqlSample", "test\profiler\applications\NpgsqlSample\NpgsqlSample.csproj", "{BA2D3FCD-C25E-4E34-9A30-BE1FB16E1841}"
EndProject
Project("{9A19103F-16F7-4668-BE54-9A1E7A4F7556}") = "Elastic.Apm.Profiler.Managed.Tests", "test\profiler\Elastic.Apm.Profiler.Managed.Tests\Elastic.Apm.Profiler.Managed.Tests.csproj", "{4983083A-87AD-496E-B0BC-84C8097D0590}"
EndProject
Project("{9A19103F-16F7-4668-BE54-9A1E7A4F7556}") = "Elastic.Apm.AdoNet", "test\profiler\applications\Elastic.Apm.AdoNet\Elastic.Apm.AdoNet.csproj", "{14BEE605-6180-4B9E-87F5-A24BA79461B5}"
EndProject
Project("{9A19103F-16F7-4668-BE54-9A1E7A4F7556}") = "Elastic.Apm.AdoNet.NetStandard", "test\profiler\applications\Elastic.Apm.AdoNet.NetStandard\Elastic.Apm.AdoNet.NetStandard.csproj", "{AAB983A1-6080-449D-95D8-7E7BA05DDFAA}"
EndProject
Project("{9A19103F-16F7-4668-BE54-9A1E7A4F7556}") = "MySqlDataSample", "test\profiler\applications\MySqlDataSample\MySqlDataSample.csproj", "{346D3A9A-1296-4915-BB6C-8533731D3B3B}"
EndProject
Project("{9A19103F-16F7-4668-BE54-9A1E7A4F7556}") = "SqliteSample", "test\profiler\applications\SqliteSample\SqliteSample.csproj", "{F72182DC-A933-4C4B-8321-830D0DFB857C}"
EndProject
Project("{9A19103F-16F7-4668-BE54-9A1E7A4F7556}") = "OracleManagedDataAccessSample", "test\profiler\applications\OracleManagedDataAccessSample\OracleManagedDataAccessSample.csproj", "{FFA9A7E4-954F-47A1-A9FD-0FE07EB846C6}"
EndProject
Project("{9A19103F-16F7-4668-BE54-9A1E7A4F7556}") = "OracleManagedDataAccessCoreSample", "test\profiler\applications\OracleManagedDataAccessCoreSample\OracleManagedDataAccessCoreSample.csproj", "{8CF18906-150C-4AD9-B108-2A39B31105C5}"
EndProject
Project("{9A19103F-16F7-4668-BE54-9A1E7A4F7556}") = "SqlClientSample", "test\profiler\applications\SqlClientSample\SqlClientSample.csproj", "{456A8639-FE1B-426A-9C72-5252AB4D3AD5}"
EndProject
Project("{9A19103F-16F7-4668-BE54-9A1E7A4F7556}") = "KafkaSample", "test\profiler\applications\KafkaSample\KafkaSample.csproj", "{2B23487A-B340-4F5C-A49B-9B829F437A5A}"
EndProject
Project("{9A19103F-16F7-4668-BE54-9A1E7A4F7556}") = "RabbitMqSample", "test\profiler\applications\RabbitMqSample\RabbitMqSample.csproj", "{1D6B0C67-42C8-4AB4-A795-B6FF8EF7196E}"
EndProject
Project("{9A19103F-16F7-4668-BE54-9A1E7A4F7556}") = "OpenTelemetrySample", "test\opentelemetry\OpenTelemetrySample\OpenTelemetrySample.csproj", "{3D31589A-CA44-4D6D-9944-26CE9640A283}"
EndProject
Project("{9A19103F-16F7-4668-BE54-9A1E7A4F7556}") = "SatelliteAssemblySample", "test\profiler\applications\SatelliteAssemblySample\SatelliteAssemblySample.csproj", "{2B62E740-A493-42D6-BE5E-709BD07F877E}"
EndProject
Project("{9A19103F-16F7-4668-BE54-9A1E7A4F7556}") = "Elastic.Apm.Azure.Functions.Tests", "test\azure\Elastic.Apm.Azure.Functions.Tests\Elastic.Apm.Azure.Functions.Tests.csproj", "{8E3D94CD-3378-4431-8956-07644A64D4E8}"
EndProject
Project("{9A19103F-16F7-4668-BE54-9A1E7A4F7556}") = "Elastic.AzureFunctionApp.Isolated", "test\azure\applications\Elastic.AzureFunctionApp.Isolated\Elastic.AzureFunctionApp.Isolated.csproj", "{9879E646-63ED-474C-905B-1B469403F0A5}"
EndProject
Project("{9A19103F-16F7-4668-BE54-9A1E7A4F7556}") = "Elastic.Clients.Elasticsearch.Tests", "test\instrumentations\Elastic.Clients.Elasticsearch.Tests\Elastic.Clients.Elasticsearch.Tests.csproj", "{E6217549-8C21-4E95-BDF2-E782922CD104}"
EndProject
Project("{9A19103F-16F7-4668-BE54-9A1E7A4F7556}") = ".github", ".github\.github.csproj", "{A880940E-31FC-4934-80FC-5A9E3DFED7CA}"
EndProject
Project("{9A19103F-16F7-4668-BE54-9A1E7A4F7556}") = "Sample.Microsoft.Data.SqlClient", "sample\Sample.Microsoft.Data.SqlClient\Sample.Microsoft.Data.SqlClient.csproj", "{BCE93684-0A40-4F5F-8FB5-94DE94B111E1}"
EndProject
Project("{2150E333-8FDC-42A3-9474-1A3956D46DE8}") = "azure", "azure", "{C6A7CA94-9D06-4CA1-BAEA-43B607BF939D}"
EndProject
Project("{9A19103F-16F7-4668-BE54-9A1E7A4F7556}") = "Elastic.Apm.Azure.CosmosDb", "src\azure\Elastic.Apm.Azure.CosmosDb\Elastic.Apm.Azure.CosmosDb.csproj", "{42F4F13C-0515-4501-A27B-9815BFF63807}"
EndProject
Project("{9A19103F-16F7-4668-BE54-9A1E7A4F7556}") = "Elastic.Apm.Azure.Functions", "src\azure\Elastic.Apm.Azure.Functions\Elastic.Apm.Azure.Functions.csproj", "{F874E74D-73C7-452D-8ECD-352DE352C9A7}"
EndProject
Project("{9A19103F-16F7-4668-BE54-9A1E7A4F7556}") = "Elastic.Apm.Azure.ServiceBus", "src\azure\Elastic.Apm.Azure.ServiceBus\Elastic.Apm.Azure.ServiceBus.csproj", "{0F632E91-71D4-46EB-8926-E54C51F2878E}"
EndProject
Project("{9A19103F-16F7-4668-BE54-9A1E7A4F7556}") = "Elastic.Apm.Azure.Storage", "src\azure\Elastic.Apm.Azure.Storage\Elastic.Apm.Azure.Storage.csproj", "{00F64981-E1EB-4B83-BA78-2F0591CEDF8A}"
EndProject
Project("{2150E333-8FDC-42A3-9474-1A3956D46DE8}") = "profiler", "profiler", "{EAD9B32C-46FC-44AF-8A48-954259F846C5}"
	ProjectSection(SolutionItems) = preProject
		Cargo.toml = Cargo.toml
		Makefile.toml = Makefile.toml
	EndProjectSection
EndProject
Project("{2150E333-8FDC-42A3-9474-1A3956D46DE8}") = "startuphook", "startuphook", "{A9D3E13A-7782-4E0D-9CBB-9954F583F0B3}"
EndProject
Project("{9A19103F-16F7-4668-BE54-9A1E7A4F7556}") = "elastic_apm_profiler", "src\profiler\elastic_apm_profiler\elastic_apm_profiler.csproj", "{30C75D5A-84F1-4AD1-9761-D35F72C9FBE2}"
EndProject
Project("{9A19103F-16F7-4668-BE54-9A1E7A4F7556}") = "Elastic.Apm.Profiler.IntegrationsGenerator", "src\profiler\Elastic.Apm.Profiler.IntegrationsGenerator\Elastic.Apm.Profiler.IntegrationsGenerator.csproj", "{D40BBADA-0A1A-4AD2-BA90-89D27F1E4DF3}"
EndProject
Project("{9A19103F-16F7-4668-BE54-9A1E7A4F7556}") = "Elastic.Apm.Profiler.Managed", "src\profiler\Elastic.Apm.Profiler.Managed\Elastic.Apm.Profiler.Managed.csproj", "{6E388B69-72A1-467A-8645-039870D87446}"
EndProject
Project("{9A19103F-16F7-4668-BE54-9A1E7A4F7556}") = "Elastic.Apm.Profiler.Managed.Core", "src\profiler\Elastic.Apm.Profiler.Managed.Core\Elastic.Apm.Profiler.Managed.Core.csproj", "{2B8565AA-D0DD-44CB-BCB7-E929198AEF26}"
EndProject
Project("{9A19103F-16F7-4668-BE54-9A1E7A4F7556}") = "Elastic.Apm.Profiler.Managed.Loader", "src\profiler\Elastic.Apm.Profiler.Managed.Loader\Elastic.Apm.Profiler.Managed.Loader.csproj", "{322FFF76-6794-4B73-AA32-6A2E5C8D0A12}"
EndProject
Project("{2150E333-8FDC-42A3-9474-1A3956D46DE8}") = "integrations", "integrations", "{3AC678A8-121F-4E78-A926-66ACA382D5AA}"
EndProject
Project("{9A19103F-16F7-4668-BE54-9A1E7A4F7556}") = "Elastic.Apm.Elasticsearch", "src\instrumentations\Elastic.Apm.Elasticsearch\Elastic.Apm.Elasticsearch.csproj", "{7B529958-B4CC-4415-AC45-13C020C6A4A5}"
EndProject
Project("{9A19103F-16F7-4668-BE54-9A1E7A4F7556}") = "Elastic.Apm.EntityFramework6", "src\instrumentations\Elastic.Apm.EntityFramework6\Elastic.Apm.EntityFramework6.csproj", "{C131822B-ACB2-4E3B-ADAD-3389E71A1349}"
EndProject
Project("{9A19103F-16F7-4668-BE54-9A1E7A4F7556}") = "Elastic.Apm.EntityFrameworkCore", "src\instrumentations\Elastic.Apm.EntityFrameworkCore\Elastic.Apm.EntityFrameworkCore.csproj", "{B0047AC4-2819-42C9-BD0A-E9FB48F9333E}"
EndProject
Project("{9A19103F-16F7-4668-BE54-9A1E7A4F7556}") = "Elastic.Apm.GrpcClient", "src\instrumentations\Elastic.Apm.GrpcClient\Elastic.Apm.GrpcClient.csproj", "{97AF29C9-C208-493C-9714-994C9760DEF6}"
EndProject
Project("{9A19103F-16F7-4668-BE54-9A1E7A4F7556}") = "Elastic.Apm.MongoDb", "src\instrumentations\Elastic.Apm.MongoDb\Elastic.Apm.MongoDb.csproj", "{CEDEF188-B975-4054-8CB1-D08CACB29F06}"
EndProject
Project("{9A19103F-16F7-4668-BE54-9A1E7A4F7556}") = "Elastic.Apm.StackExchange.Redis", "src\instrumentations\Elastic.Apm.StackExchange.Redis\Elastic.Apm.StackExchange.Redis.csproj", "{096EE982-70B1-44F4-A9E8-5719F9160698}"
EndProject
Project("{9A19103F-16F7-4668-BE54-9A1E7A4F7556}") = "Elastic.Apm.StartupHook.Loader", "src\startuphook\Elastic.Apm.StartupHook.Loader\Elastic.Apm.StartupHook.Loader.csproj", "{27AA610C-0A8C-4012-ADE8-E4D8DCE51E9C}"
EndProject
Project("{9A19103F-16F7-4668-BE54-9A1E7A4F7556}") = "ElasticApmAgentStartupHook", "src\startuphook\ElasticApmAgentStartupHook\ElasticApmAgentStartupHook.csproj", "{00BF8113-BB06-4B5F-8935-F44E2F58FD53}"
EndProject
Project("{2150E333-8FDC-42A3-9474-1A3956D46DE8}") = "instrumentations", "instrumentations", "{2E405876-0925-4B96-94B6-6C529E52D47D}"
EndProject
Project("{9A19103F-16F7-4668-BE54-9A1E7A4F7556}") = "Elastic.Apm.AspNetCore", "src\integrations\Elastic.Apm.AspNetCore\Elastic.Apm.AspNetCore.csproj", "{62BE33DF-5E53-49DF-97B4-95AB3ED8781E}"
EndProject
Project("{9A19103F-16F7-4668-BE54-9A1E7A4F7556}") = "Elastic.Apm.AspNetFullFramework", "src\integrations\Elastic.Apm.AspNetFullFramework\Elastic.Apm.AspNetFullFramework.csproj", "{6C6A54F2-6598-46AD-9432-9FEC037B7A97}"
EndProject
Project("{9A19103F-16F7-4668-BE54-9A1E7A4F7556}") = "Elastic.Apm.Extensions.Hosting", "src\integrations\Elastic.Apm.Extensions.Hosting\Elastic.Apm.Extensions.Hosting.csproj", "{439BA5FA-5977-48E3-9FED-10F28CD2D3D1}"
EndProject
Project("{9A19103F-16F7-4668-BE54-9A1E7A4F7556}") = "Elastic.Apm.Extensions.Logging", "src\integrations\Elastic.Apm.Extensions.Logging\Elastic.Apm.Extensions.Logging.csproj", "{CD8BF331-B689-48F8-9858-368B7196EBD5}"
EndProject
Project("{9A19103F-16F7-4668-BE54-9A1E7A4F7556}") = "Elastic.Apm.NetCoreAll", "src\integrations\Elastic.Apm.NetCoreAll\Elastic.Apm.NetCoreAll.csproj", "{235596AC-E683-4D2E-B328-CDA79CDB7DC8}"
EndProject
Project("{9A19103F-16F7-4668-BE54-9A1E7A4F7556}") = "docs", "docs\docs.csproj", "{7DA216DD-F842-41FE-8D1B-D2925B46E551}"
EndProject
Project("{6EC3EE1D-3C4E-46DD-8F32-0CC8E7565705}") = "build", "build\build.fsproj", "{69C34D4F-13A5-43DE-A126-954B85F8A33E}"
EndProject
Project("{2150E333-8FDC-42A3-9474-1A3956D46DE8}") = "benchmarks", "benchmarks", "{2825A761-5372-4620-99AB-253AD953E8CD}"
	ProjectSection(SolutionItems) = preProject
		benchmarks\Directory.Build.props = benchmarks\Directory.Build.props
	EndProjectSection
EndProject
Project("{2150E333-8FDC-42A3-9474-1A3956D46DE8}") = "profiler", "profiler", "{E38F295C-05DD-4328-A2BD-2868754624B7}"
EndProject
Project("{2150E333-8FDC-42A3-9474-1A3956D46DE8}") = "applications", "applications", "{6BBD3167-D9DE-4165-9A95-84940CD37D93}"
EndProject
Project("{2150E333-8FDC-42A3-9474-1A3956D46DE8}") = "azure", "azure", "{C2378D3C-2BA8-410F-AEF7-547C411C71C7}"
EndProject
Project("{2150E333-8FDC-42A3-9474-1A3956D46DE8}") = "instrumentations", "instrumentations", "{4F060027-5614-4C64-9338-128C7E9CE8A4}"
EndProject
Project("{2150E333-8FDC-42A3-9474-1A3956D46DE8}") = "grpc", "grpc", "{8B6EE9D6-8A1B-4F85-AE4C-D03E42DBDDEA}"
EndProject
Project("{2150E333-8FDC-42A3-9474-1A3956D46DE8}") = "integrations", "integrations", "{67A4BFE3-F96E-4BDE-9383-DD0ACE6D3BA1}"
EndProject
Project("{2150E333-8FDC-42A3-9474-1A3956D46DE8}") = "startuphook", "startuphook", "{93686A26-AD8A-498C-BC0E-FF8258F3D20C}"
EndProject
Project("{2150E333-8FDC-42A3-9474-1A3956D46DE8}") = "applications", "applications", "{59F3FB6E-4B48-4E87-AF3B-78DFED427EF1}"
EndProject
Project("{2150E333-8FDC-42A3-9474-1A3956D46DE8}") = "opentelemetry", "opentelemetry", "{1CDE0A67-0245-4CB0-A1B9-D17CCC388E82}"
EndProject
Project("{9A19103F-16F7-4668-BE54-9A1E7A4F7556}") = "Elastic.Apm.OpenTelemetry.Tests", "test\opentelemetry\Elastic.Apm.OpenTelemetry.Tests\Elastic.Apm.OpenTelemetry.Tests.csproj", "{8EF0BEC9-C979-42B9-9447-F03570CCAA24}"
EndProject
Project("{2150E333-8FDC-42A3-9474-1A3956D46DE8}") = "iis", "iis", "{C770AFE9-5C16-4C7F-ABE7-2B839DF9E715}"
EndProject
Project("{9A19103F-16F7-4668-BE54-9A1E7A4F7556}") = "Elastic.Apm.FullFramework.Tests", "test\iis\Elastic.Apm.FullFramework.Tests\Elastic.Apm.FullFramework.Tests.csproj", "{7CCA63B5-B3C7-44EB-9794-9AFE04527CC5}"
EndProject
Project("{9A19103F-16F7-4668-BE54-9A1E7A4F7556}") = "Elastic.AzureFunctionApp.InProcess", "test\azure\applications\Elastic.AzureFunctionApp.InProcess\Elastic.AzureFunctionApp.InProcess.csproj", "{A1E60FBF-38AD-4B99-B697-D9F355AF9818}"
EndProject
Project("{2150E333-8FDC-42A3-9474-1A3956D46DE8}") = "applications", "applications", "{09CE5AC1-01F6-48C8-B266-2F891C408051}"
EndProject
Project("{9A19103F-16F7-4668-BE54-9A1E7A4F7556}") = "Elastic.Apm.AzureFunctionApp.Core", "test\azure\applications\Elastic.Apm.AzureFunctionApp.Core\Elastic.Apm.AzureFunctionApp.Core.csproj", "{50F14EA5-DF72-425B-81A6-C7D532D2DD07}"
EndProject
Project("{9A19103F-16F7-4668-BE54-9A1E7A4F7556}") = "Elastic.Apm.Profiling", "benchmarks\Elastic.Apm.Profiling\Elastic.Apm.Profiling.csproj", "{CB6B3BA6-9D16-4CDC-95C2-7680CF50747D}"
EndProject
Project("{9A19103F-16F7-4668-BE54-9A1E7A4F7556}") = "WebApiExample", "sample\WebApiExample\WebApiExample.csproj", "{00A025F1-0A31-4676-AA06-1773FC9744ED}"
EndProject
Project("{FAE04EC0-301F-11D3-BF4B-00C04F79EFBC}") = "WorkerServiceSample", "sample\WorkerServiceSample\WorkerServiceSample.csproj", "{C73BF86B-5359-4811-B698-8BE9A66C5EFA}"
EndProject
Project("{FAE04EC0-301F-11D3-BF4B-00C04F79EFBC}") = "HostingTestApp", "test\integrations\applications\HostingTestApp\HostingTestApp.csproj", "{61F5A733-DC79-44FC-B9CB-4EF34FC9D96B}"
EndProject
Project("{FAE04EC0-301F-11D3-BF4B-00C04F79EFBC}") = "Elastic.Apm.Extensions.Tests.Shared", "test\integrations\Elastic.Apm.Extensions.Tests.Shared\Elastic.Apm.Extensions.Tests.Shared.csproj", "{7482D2D9-BBF7-4C8B-B26C-BEA9BCF345B0}"
EndProject
Global
	GlobalSection(SolutionConfigurationPlatforms) = preSolution
		Debug|Any CPU = Debug|Any CPU
		Release|Any CPU = Release|Any CPU
	EndGlobalSection
	GlobalSection(ProjectConfigurationPlatforms) = postSolution
		{0ADF687D-4DB7-417E-80B4-27B3FD86875E}.Debug|Any CPU.ActiveCfg = Debug|Any CPU
		{0ADF687D-4DB7-417E-80B4-27B3FD86875E}.Debug|Any CPU.Build.0 = Debug|Any CPU
		{0ADF687D-4DB7-417E-80B4-27B3FD86875E}.Release|Any CPU.ActiveCfg = Release|Any CPU
		{0ADF687D-4DB7-417E-80B4-27B3FD86875E}.Release|Any CPU.Build.0 = Release|Any CPU
		{90BC9629-C8D2-4FD5-863E-EA2D5FB37341}.Debug|Any CPU.ActiveCfg = Debug|Any CPU
		{90BC9629-C8D2-4FD5-863E-EA2D5FB37341}.Debug|Any CPU.Build.0 = Debug|Any CPU
		{90BC9629-C8D2-4FD5-863E-EA2D5FB37341}.Release|Any CPU.ActiveCfg = Release|Any CPU
		{90BC9629-C8D2-4FD5-863E-EA2D5FB37341}.Release|Any CPU.Build.0 = Release|Any CPU
		{4BEAD125-6F93-4566-A1D3-362F55D7AD4C}.Debug|Any CPU.ActiveCfg = Debug|Any CPU
		{4BEAD125-6F93-4566-A1D3-362F55D7AD4C}.Debug|Any CPU.Build.0 = Debug|Any CPU
		{4BEAD125-6F93-4566-A1D3-362F55D7AD4C}.Release|Any CPU.ActiveCfg = Release|Any CPU
		{4BEAD125-6F93-4566-A1D3-362F55D7AD4C}.Release|Any CPU.Build.0 = Release|Any CPU
		{36D72723-2161-4322-A04B-E97D0CB48EF6}.Debug|Any CPU.ActiveCfg = Debug|Any CPU
		{36D72723-2161-4322-A04B-E97D0CB48EF6}.Debug|Any CPU.Build.0 = Debug|Any CPU
		{36D72723-2161-4322-A04B-E97D0CB48EF6}.Release|Any CPU.ActiveCfg = Release|Any CPU
		{36D72723-2161-4322-A04B-E97D0CB48EF6}.Release|Any CPU.Build.0 = Release|Any CPU
		{19C9C1BA-4BCC-4708-92C3-8F5AE18B44F8}.Debug|Any CPU.ActiveCfg = Debug|Any CPU
		{19C9C1BA-4BCC-4708-92C3-8F5AE18B44F8}.Debug|Any CPU.Build.0 = Debug|Any CPU
		{19C9C1BA-4BCC-4708-92C3-8F5AE18B44F8}.Release|Any CPU.ActiveCfg = Release|Any CPU
		{19C9C1BA-4BCC-4708-92C3-8F5AE18B44F8}.Release|Any CPU.Build.0 = Release|Any CPU
		{1AAB1A30-42C0-4C76-AE2E-9D7293945D80}.Debug|Any CPU.ActiveCfg = Debug|Any CPU
		{1AAB1A30-42C0-4C76-AE2E-9D7293945D80}.Debug|Any CPU.Build.0 = Debug|Any CPU
		{1AAB1A30-42C0-4C76-AE2E-9D7293945D80}.Release|Any CPU.ActiveCfg = Release|Any CPU
		{1AAB1A30-42C0-4C76-AE2E-9D7293945D80}.Release|Any CPU.Build.0 = Release|Any CPU
		{F069CE99-F418-4BC2-9E44-8F03497D8DA8}.Debug|Any CPU.ActiveCfg = Debug|Any CPU
		{F069CE99-F418-4BC2-9E44-8F03497D8DA8}.Debug|Any CPU.Build.0 = Debug|Any CPU
		{F069CE99-F418-4BC2-9E44-8F03497D8DA8}.Release|Any CPU.ActiveCfg = Release|Any CPU
		{F069CE99-F418-4BC2-9E44-8F03497D8DA8}.Release|Any CPU.Build.0 = Release|Any CPU
		{C45DCD78-7E8A-437C-ABBB-01D154ABCFC4}.Debug|Any CPU.ActiveCfg = Debug|Any CPU
		{C45DCD78-7E8A-437C-ABBB-01D154ABCFC4}.Debug|Any CPU.Build.0 = Debug|Any CPU
		{C45DCD78-7E8A-437C-ABBB-01D154ABCFC4}.Release|Any CPU.ActiveCfg = Release|Any CPU
		{C45DCD78-7E8A-437C-ABBB-01D154ABCFC4}.Release|Any CPU.Build.0 = Release|Any CPU
		{319E2094-D2E1-46C5-8985-9693CD8DDCBD}.Debug|Any CPU.ActiveCfg = Debug|Any CPU
		{319E2094-D2E1-46C5-8985-9693CD8DDCBD}.Debug|Any CPU.Build.0 = Debug|Any CPU
		{319E2094-D2E1-46C5-8985-9693CD8DDCBD}.Release|Any CPU.ActiveCfg = Release|Any CPU
		{319E2094-D2E1-46C5-8985-9693CD8DDCBD}.Release|Any CPU.Build.0 = Release|Any CPU
		{40B47FD4-6E67-4D52-B9A4-607B9D01D9F5}.Debug|Any CPU.ActiveCfg = Debug|Any CPU
		{40B47FD4-6E67-4D52-B9A4-607B9D01D9F5}.Debug|Any CPU.Build.0 = Debug|Any CPU
		{40B47FD4-6E67-4D52-B9A4-607B9D01D9F5}.Release|Any CPU.ActiveCfg = Release|Any CPU
		{40B47FD4-6E67-4D52-B9A4-607B9D01D9F5}.Release|Any CPU.Build.0 = Release|Any CPU
		{4253798D-A160-40B3-8F16-5BF64C559B93}.Debug|Any CPU.ActiveCfg = Debug|Any CPU
		{4253798D-A160-40B3-8F16-5BF64C559B93}.Debug|Any CPU.Build.0 = Debug|Any CPU
		{4253798D-A160-40B3-8F16-5BF64C559B93}.Release|Any CPU.ActiveCfg = Release|Any CPU
		{4253798D-A160-40B3-8F16-5BF64C559B93}.Release|Any CPU.Build.0 = Release|Any CPU
		{AFFB238B-10C0-4229-9527-184EFCF0F5AC}.Debug|Any CPU.ActiveCfg = Debug|Any CPU
		{AFFB238B-10C0-4229-9527-184EFCF0F5AC}.Debug|Any CPU.Build.0 = Debug|Any CPU
		{AFFB238B-10C0-4229-9527-184EFCF0F5AC}.Release|Any CPU.ActiveCfg = Release|Any CPU
		{AFFB238B-10C0-4229-9527-184EFCF0F5AC}.Release|Any CPU.Build.0 = Release|Any CPU
		{9AAC1E7A-5887-46BC-96DA-DDFFF0F7CDC2}.Debug|Any CPU.ActiveCfg = Debug|Any CPU
		{9AAC1E7A-5887-46BC-96DA-DDFFF0F7CDC2}.Release|Any CPU.ActiveCfg = Release|Any CPU
		{79BEA612-E2C8-47FD-84DC-A1B17AAD5038}.Debug|Any CPU.ActiveCfg = Debug|Any CPU
		{79BEA612-E2C8-47FD-84DC-A1B17AAD5038}.Debug|Any CPU.Build.0 = Debug|Any CPU
		{79BEA612-E2C8-47FD-84DC-A1B17AAD5038}.Release|Any CPU.ActiveCfg = Release|Any CPU
		{79BEA612-E2C8-47FD-84DC-A1B17AAD5038}.Release|Any CPU.Build.0 = Release|Any CPU
		{968E1E85-E996-42DE-9845-D20DAE16165A}.Debug|Any CPU.ActiveCfg = Debug|Any CPU
		{968E1E85-E996-42DE-9845-D20DAE16165A}.Debug|Any CPU.Build.0 = Debug|Any CPU
		{968E1E85-E996-42DE-9845-D20DAE16165A}.Release|Any CPU.ActiveCfg = Release|Any CPU
		{968E1E85-E996-42DE-9845-D20DAE16165A}.Release|Any CPU.Build.0 = Release|Any CPU
		{A4EF875C-92AD-4538-AFF1-1DA277F1085A}.Debug|Any CPU.ActiveCfg = Debug|Any CPU
		{A4EF875C-92AD-4538-AFF1-1DA277F1085A}.Debug|Any CPU.Build.0 = Debug|Any CPU
		{A4EF875C-92AD-4538-AFF1-1DA277F1085A}.Release|Any CPU.ActiveCfg = Release|Any CPU
		{A4EF875C-92AD-4538-AFF1-1DA277F1085A}.Release|Any CPU.Build.0 = Release|Any CPU
		{00AD0047-92A6-48CC-B67D-A3DB2812CE28}.Debug|Any CPU.ActiveCfg = Debug|Any CPU
		{00AD0047-92A6-48CC-B67D-A3DB2812CE28}.Debug|Any CPU.Build.0 = Debug|Any CPU
		{00AD0047-92A6-48CC-B67D-A3DB2812CE28}.Release|Any CPU.ActiveCfg = Release|Any CPU
		{00AD0047-92A6-48CC-B67D-A3DB2812CE28}.Release|Any CPU.Build.0 = Release|Any CPU
		{E30DEF03-4E0B-46A0-87D0-E80545D99BBA}.Debug|Any CPU.ActiveCfg = Debug|Any CPU
		{E30DEF03-4E0B-46A0-87D0-E80545D99BBA}.Debug|Any CPU.Build.0 = Debug|Any CPU
		{E30DEF03-4E0B-46A0-87D0-E80545D99BBA}.Release|Any CPU.ActiveCfg = Release|Any CPU
		{E30DEF03-4E0B-46A0-87D0-E80545D99BBA}.Release|Any CPU.Build.0 = Release|Any CPU
		{0FE5E852-E3AF-45F9-BF3A-8CD739C0807F}.Debug|Any CPU.ActiveCfg = Debug|Any CPU
		{0FE5E852-E3AF-45F9-BF3A-8CD739C0807F}.Debug|Any CPU.Build.0 = Debug|Any CPU
		{0FE5E852-E3AF-45F9-BF3A-8CD739C0807F}.Release|Any CPU.ActiveCfg = Release|Any CPU
		{0FE5E852-E3AF-45F9-BF3A-8CD739C0807F}.Release|Any CPU.Build.0 = Release|Any CPU
		{6E6B9E49-EE42-4EB6-8248-BEEC8522937B}.Debug|Any CPU.ActiveCfg = Debug|Any CPU
		{6E6B9E49-EE42-4EB6-8248-BEEC8522937B}.Debug|Any CPU.Build.0 = Debug|Any CPU
		{6E6B9E49-EE42-4EB6-8248-BEEC8522937B}.Release|Any CPU.ActiveCfg = Release|Any CPU
		{6E6B9E49-EE42-4EB6-8248-BEEC8522937B}.Release|Any CPU.Build.0 = Release|Any CPU
		{CC52EA80-5E18-4370-ACB3-9424B6BB6B68}.Debug|Any CPU.ActiveCfg = Debug|Any CPU
		{CC52EA80-5E18-4370-ACB3-9424B6BB6B68}.Debug|Any CPU.Build.0 = Debug|Any CPU
		{CC52EA80-5E18-4370-ACB3-9424B6BB6B68}.Release|Any CPU.ActiveCfg = Release|Any CPU
		{CC52EA80-5E18-4370-ACB3-9424B6BB6B68}.Release|Any CPU.Build.0 = Release|Any CPU
		{3AD5584E-057A-4C52-84EA-32A9BBE12F03}.Debug|Any CPU.ActiveCfg = Debug|Any CPU
		{3AD5584E-057A-4C52-84EA-32A9BBE12F03}.Debug|Any CPU.Build.0 = Debug|Any CPU
		{3AD5584E-057A-4C52-84EA-32A9BBE12F03}.Release|Any CPU.ActiveCfg = Release|Any CPU
		{3AD5584E-057A-4C52-84EA-32A9BBE12F03}.Release|Any CPU.Build.0 = Release|Any CPU
		{3CCB9193-8416-49AF-A1A3-8D1118CFB25B}.Debug|Any CPU.ActiveCfg = Debug|Any CPU
		{3CCB9193-8416-49AF-A1A3-8D1118CFB25B}.Debug|Any CPU.Build.0 = Debug|Any CPU
		{3CCB9193-8416-49AF-A1A3-8D1118CFB25B}.Release|Any CPU.ActiveCfg = Release|Any CPU
		{3CCB9193-8416-49AF-A1A3-8D1118CFB25B}.Release|Any CPU.Build.0 = Release|Any CPU
		{9FBC8D8C-E600-464D-AE4E-AC1FB59485F6}.Debug|Any CPU.ActiveCfg = Debug|Any CPU
		{9FBC8D8C-E600-464D-AE4E-AC1FB59485F6}.Debug|Any CPU.Build.0 = Debug|Any CPU
		{9FBC8D8C-E600-464D-AE4E-AC1FB59485F6}.Release|Any CPU.ActiveCfg = Release|Any CPU
		{9FBC8D8C-E600-464D-AE4E-AC1FB59485F6}.Release|Any CPU.Build.0 = Release|Any CPU
		{6D413E0A-1CB7-4A2D-8E99-DB4F58D3463E}.Debug|Any CPU.ActiveCfg = Debug|Any CPU
		{6D413E0A-1CB7-4A2D-8E99-DB4F58D3463E}.Debug|Any CPU.Build.0 = Debug|Any CPU
		{6D413E0A-1CB7-4A2D-8E99-DB4F58D3463E}.Release|Any CPU.ActiveCfg = Release|Any CPU
		{6D413E0A-1CB7-4A2D-8E99-DB4F58D3463E}.Release|Any CPU.Build.0 = Release|Any CPU
		{5D076C7F-1F8B-4B11-9910-48717D133963}.Debug|Any CPU.ActiveCfg = Debug|Any CPU
		{5D076C7F-1F8B-4B11-9910-48717D133963}.Debug|Any CPU.Build.0 = Debug|Any CPU
		{5D076C7F-1F8B-4B11-9910-48717D133963}.Release|Any CPU.ActiveCfg = Release|Any CPU
		{5D076C7F-1F8B-4B11-9910-48717D133963}.Release|Any CPU.Build.0 = Release|Any CPU
		{2250D888-E4CC-4B2B-AF31-5C78D76EC73D}.Debug|Any CPU.ActiveCfg = Debug|Any CPU
		{2250D888-E4CC-4B2B-AF31-5C78D76EC73D}.Debug|Any CPU.Build.0 = Debug|Any CPU
		{2250D888-E4CC-4B2B-AF31-5C78D76EC73D}.Release|Any CPU.ActiveCfg = Release|Any CPU
		{2250D888-E4CC-4B2B-AF31-5C78D76EC73D}.Release|Any CPU.Build.0 = Release|Any CPU
		{43F9247D-544B-49FB-9E50-FC236D90DE1A}.Debug|Any CPU.ActiveCfg = Debug|Any CPU
		{43F9247D-544B-49FB-9E50-FC236D90DE1A}.Debug|Any CPU.Build.0 = Debug|Any CPU
		{43F9247D-544B-49FB-9E50-FC236D90DE1A}.Release|Any CPU.ActiveCfg = Release|Any CPU
		{43F9247D-544B-49FB-9E50-FC236D90DE1A}.Release|Any CPU.Build.0 = Release|Any CPU
		{CE0120A5-A094-40A3-905E-8E14526800D3}.Debug|Any CPU.ActiveCfg = Debug|Any CPU
		{CE0120A5-A094-40A3-905E-8E14526800D3}.Debug|Any CPU.Build.0 = Debug|Any CPU
		{CE0120A5-A094-40A3-905E-8E14526800D3}.Release|Any CPU.ActiveCfg = Release|Any CPU
		{CE0120A5-A094-40A3-905E-8E14526800D3}.Release|Any CPU.Build.0 = Release|Any CPU
		{DC879845-353B-4C62-9640-6EA3008326F7}.Debug|Any CPU.ActiveCfg = Debug|Any CPU
		{DC879845-353B-4C62-9640-6EA3008326F7}.Debug|Any CPU.Build.0 = Debug|Any CPU
		{DC879845-353B-4C62-9640-6EA3008326F7}.Release|Any CPU.ActiveCfg = Release|Any CPU
		{DC879845-353B-4C62-9640-6EA3008326F7}.Release|Any CPU.Build.0 = Release|Any CPU
		{B168C594-0314-4201-A55B-13DBBE2796FE}.Debug|Any CPU.ActiveCfg = Debug|Any CPU
		{B168C594-0314-4201-A55B-13DBBE2796FE}.Debug|Any CPU.Build.0 = Debug|Any CPU
		{B168C594-0314-4201-A55B-13DBBE2796FE}.Release|Any CPU.ActiveCfg = Release|Any CPU
		{B168C594-0314-4201-A55B-13DBBE2796FE}.Release|Any CPU.Build.0 = Release|Any CPU
		{9AE4805D-2586-4FA5-A0D0-885264EBC565}.Debug|Any CPU.ActiveCfg = Debug|Any CPU
		{9AE4805D-2586-4FA5-A0D0-885264EBC565}.Debug|Any CPU.Build.0 = Debug|Any CPU
		{9AE4805D-2586-4FA5-A0D0-885264EBC565}.Release|Any CPU.ActiveCfg = Release|Any CPU
		{9AE4805D-2586-4FA5-A0D0-885264EBC565}.Release|Any CPU.Build.0 = Release|Any CPU
		{B235B13F-42AE-42DA-A3C8-20D047F38685}.Debug|Any CPU.ActiveCfg = Debug|Any CPU
		{B235B13F-42AE-42DA-A3C8-20D047F38685}.Debug|Any CPU.Build.0 = Debug|Any CPU
		{B235B13F-42AE-42DA-A3C8-20D047F38685}.Release|Any CPU.ActiveCfg = Release|Any CPU
		{B235B13F-42AE-42DA-A3C8-20D047F38685}.Release|Any CPU.Build.0 = Release|Any CPU
		{FB07C133-C353-4061-A308-B9A6EF48AB7E}.Debug|Any CPU.ActiveCfg = Debug|Any CPU
		{FB07C133-C353-4061-A308-B9A6EF48AB7E}.Debug|Any CPU.Build.0 = Debug|Any CPU
		{FB07C133-C353-4061-A308-B9A6EF48AB7E}.Release|Any CPU.ActiveCfg = Release|Any CPU
		{FB07C133-C353-4061-A308-B9A6EF48AB7E}.Release|Any CPU.Build.0 = Release|Any CPU
		{D9CC53B2-5F6B-434B-8689-2350F3A9FB2D}.Debug|Any CPU.ActiveCfg = Debug|Any CPU
		{D9CC53B2-5F6B-434B-8689-2350F3A9FB2D}.Debug|Any CPU.Build.0 = Debug|Any CPU
		{D9CC53B2-5F6B-434B-8689-2350F3A9FB2D}.Release|Any CPU.ActiveCfg = Release|Any CPU
		{D9CC53B2-5F6B-434B-8689-2350F3A9FB2D}.Release|Any CPU.Build.0 = Release|Any CPU
		{27563B4E-ECB1-4F1B-B9F1-22C2C165B270}.Debug|Any CPU.ActiveCfg = Debug|Any CPU
		{27563B4E-ECB1-4F1B-B9F1-22C2C165B270}.Debug|Any CPU.Build.0 = Debug|Any CPU
		{27563B4E-ECB1-4F1B-B9F1-22C2C165B270}.Release|Any CPU.ActiveCfg = Release|Any CPU
		{27563B4E-ECB1-4F1B-B9F1-22C2C165B270}.Release|Any CPU.Build.0 = Release|Any CPU
		{37BD6194-A47B-4D17-BB9A-642E8909DED9}.Debug|Any CPU.ActiveCfg = Debug|Any CPU
		{37BD6194-A47B-4D17-BB9A-642E8909DED9}.Debug|Any CPU.Build.0 = Debug|Any CPU
		{37BD6194-A47B-4D17-BB9A-642E8909DED9}.Release|Any CPU.ActiveCfg = Release|Any CPU
		{37BD6194-A47B-4D17-BB9A-642E8909DED9}.Release|Any CPU.Build.0 = Release|Any CPU
		{0EEA16C4-C7DF-4D90-94C2-009417D765AC}.Debug|Any CPU.ActiveCfg = Debug|Any CPU
		{0EEA16C4-C7DF-4D90-94C2-009417D765AC}.Debug|Any CPU.Build.0 = Debug|Any CPU
		{0EEA16C4-C7DF-4D90-94C2-009417D765AC}.Release|Any CPU.ActiveCfg = Release|Any CPU
		{0EEA16C4-C7DF-4D90-94C2-009417D765AC}.Release|Any CPU.Build.0 = Release|Any CPU
		{BA2D3FCD-C25E-4E34-9A30-BE1FB16E1841}.Debug|Any CPU.ActiveCfg = Debug|Any CPU
		{BA2D3FCD-C25E-4E34-9A30-BE1FB16E1841}.Debug|Any CPU.Build.0 = Debug|Any CPU
		{BA2D3FCD-C25E-4E34-9A30-BE1FB16E1841}.Release|Any CPU.ActiveCfg = Release|Any CPU
		{BA2D3FCD-C25E-4E34-9A30-BE1FB16E1841}.Release|Any CPU.Build.0 = Release|Any CPU
		{4983083A-87AD-496E-B0BC-84C8097D0590}.Debug|Any CPU.ActiveCfg = Debug|Any CPU
		{4983083A-87AD-496E-B0BC-84C8097D0590}.Debug|Any CPU.Build.0 = Debug|Any CPU
		{4983083A-87AD-496E-B0BC-84C8097D0590}.Release|Any CPU.ActiveCfg = Release|Any CPU
		{4983083A-87AD-496E-B0BC-84C8097D0590}.Release|Any CPU.Build.0 = Release|Any CPU
		{14BEE605-6180-4B9E-87F5-A24BA79461B5}.Debug|Any CPU.ActiveCfg = Debug|Any CPU
		{14BEE605-6180-4B9E-87F5-A24BA79461B5}.Debug|Any CPU.Build.0 = Debug|Any CPU
		{14BEE605-6180-4B9E-87F5-A24BA79461B5}.Release|Any CPU.ActiveCfg = Release|Any CPU
		{14BEE605-6180-4B9E-87F5-A24BA79461B5}.Release|Any CPU.Build.0 = Release|Any CPU
		{AAB983A1-6080-449D-95D8-7E7BA05DDFAA}.Debug|Any CPU.ActiveCfg = Debug|Any CPU
		{AAB983A1-6080-449D-95D8-7E7BA05DDFAA}.Debug|Any CPU.Build.0 = Debug|Any CPU
		{AAB983A1-6080-449D-95D8-7E7BA05DDFAA}.Release|Any CPU.ActiveCfg = Release|Any CPU
		{AAB983A1-6080-449D-95D8-7E7BA05DDFAA}.Release|Any CPU.Build.0 = Release|Any CPU
		{346D3A9A-1296-4915-BB6C-8533731D3B3B}.Debug|Any CPU.ActiveCfg = Debug|Any CPU
		{346D3A9A-1296-4915-BB6C-8533731D3B3B}.Debug|Any CPU.Build.0 = Debug|Any CPU
		{346D3A9A-1296-4915-BB6C-8533731D3B3B}.Release|Any CPU.ActiveCfg = Release|Any CPU
		{346D3A9A-1296-4915-BB6C-8533731D3B3B}.Release|Any CPU.Build.0 = Release|Any CPU
		{F72182DC-A933-4C4B-8321-830D0DFB857C}.Debug|Any CPU.ActiveCfg = Debug|Any CPU
		{F72182DC-A933-4C4B-8321-830D0DFB857C}.Debug|Any CPU.Build.0 = Debug|Any CPU
		{F72182DC-A933-4C4B-8321-830D0DFB857C}.Release|Any CPU.ActiveCfg = Release|Any CPU
		{F72182DC-A933-4C4B-8321-830D0DFB857C}.Release|Any CPU.Build.0 = Release|Any CPU
		{FFA9A7E4-954F-47A1-A9FD-0FE07EB846C6}.Debug|Any CPU.ActiveCfg = Debug|Any CPU
		{FFA9A7E4-954F-47A1-A9FD-0FE07EB846C6}.Debug|Any CPU.Build.0 = Debug|Any CPU
		{FFA9A7E4-954F-47A1-A9FD-0FE07EB846C6}.Release|Any CPU.ActiveCfg = Release|Any CPU
		{FFA9A7E4-954F-47A1-A9FD-0FE07EB846C6}.Release|Any CPU.Build.0 = Release|Any CPU
		{8CF18906-150C-4AD9-B108-2A39B31105C5}.Debug|Any CPU.ActiveCfg = Debug|Any CPU
		{8CF18906-150C-4AD9-B108-2A39B31105C5}.Debug|Any CPU.Build.0 = Debug|Any CPU
		{8CF18906-150C-4AD9-B108-2A39B31105C5}.Release|Any CPU.ActiveCfg = Release|Any CPU
		{8CF18906-150C-4AD9-B108-2A39B31105C5}.Release|Any CPU.Build.0 = Release|Any CPU
		{456A8639-FE1B-426A-9C72-5252AB4D3AD5}.Debug|Any CPU.ActiveCfg = Debug|Any CPU
		{456A8639-FE1B-426A-9C72-5252AB4D3AD5}.Debug|Any CPU.Build.0 = Debug|Any CPU
		{456A8639-FE1B-426A-9C72-5252AB4D3AD5}.Release|Any CPU.ActiveCfg = Release|Any CPU
		{456A8639-FE1B-426A-9C72-5252AB4D3AD5}.Release|Any CPU.Build.0 = Release|Any CPU
		{2B23487A-B340-4F5C-A49B-9B829F437A5A}.Debug|Any CPU.ActiveCfg = Debug|Any CPU
		{2B23487A-B340-4F5C-A49B-9B829F437A5A}.Debug|Any CPU.Build.0 = Debug|Any CPU
		{2B23487A-B340-4F5C-A49B-9B829F437A5A}.Release|Any CPU.ActiveCfg = Release|Any CPU
		{2B23487A-B340-4F5C-A49B-9B829F437A5A}.Release|Any CPU.Build.0 = Release|Any CPU
		{1D6B0C67-42C8-4AB4-A795-B6FF8EF7196E}.Debug|Any CPU.ActiveCfg = Debug|Any CPU
		{1D6B0C67-42C8-4AB4-A795-B6FF8EF7196E}.Debug|Any CPU.Build.0 = Debug|Any CPU
		{1D6B0C67-42C8-4AB4-A795-B6FF8EF7196E}.Release|Any CPU.ActiveCfg = Release|Any CPU
		{1D6B0C67-42C8-4AB4-A795-B6FF8EF7196E}.Release|Any CPU.Build.0 = Release|Any CPU
		{3D31589A-CA44-4D6D-9944-26CE9640A283}.Debug|Any CPU.ActiveCfg = Debug|Any CPU
		{3D31589A-CA44-4D6D-9944-26CE9640A283}.Debug|Any CPU.Build.0 = Debug|Any CPU
		{3D31589A-CA44-4D6D-9944-26CE9640A283}.Release|Any CPU.ActiveCfg = Release|Any CPU
		{3D31589A-CA44-4D6D-9944-26CE9640A283}.Release|Any CPU.Build.0 = Release|Any CPU
		{2B62E740-A493-42D6-BE5E-709BD07F877E}.Debug|Any CPU.ActiveCfg = Debug|Any CPU
		{2B62E740-A493-42D6-BE5E-709BD07F877E}.Debug|Any CPU.Build.0 = Debug|Any CPU
		{2B62E740-A493-42D6-BE5E-709BD07F877E}.Release|Any CPU.ActiveCfg = Release|Any CPU
		{2B62E740-A493-42D6-BE5E-709BD07F877E}.Release|Any CPU.Build.0 = Release|Any CPU
		{8E3D94CD-3378-4431-8956-07644A64D4E8}.Debug|Any CPU.ActiveCfg = Debug|Any CPU
		{8E3D94CD-3378-4431-8956-07644A64D4E8}.Debug|Any CPU.Build.0 = Debug|Any CPU
		{8E3D94CD-3378-4431-8956-07644A64D4E8}.Release|Any CPU.ActiveCfg = Release|Any CPU
		{8E3D94CD-3378-4431-8956-07644A64D4E8}.Release|Any CPU.Build.0 = Release|Any CPU
		{9879E646-63ED-474C-905B-1B469403F0A5}.Debug|Any CPU.ActiveCfg = Debug|Any CPU
		{9879E646-63ED-474C-905B-1B469403F0A5}.Debug|Any CPU.Build.0 = Debug|Any CPU
		{9879E646-63ED-474C-905B-1B469403F0A5}.Release|Any CPU.ActiveCfg = Release|Any CPU
		{9879E646-63ED-474C-905B-1B469403F0A5}.Release|Any CPU.Build.0 = Release|Any CPU
		{E6217549-8C21-4E95-BDF2-E782922CD104}.Debug|Any CPU.ActiveCfg = Debug|Any CPU
		{E6217549-8C21-4E95-BDF2-E782922CD104}.Debug|Any CPU.Build.0 = Debug|Any CPU
		{E6217549-8C21-4E95-BDF2-E782922CD104}.Release|Any CPU.ActiveCfg = Release|Any CPU
		{E6217549-8C21-4E95-BDF2-E782922CD104}.Release|Any CPU.Build.0 = Release|Any CPU
		{A880940E-31FC-4934-80FC-5A9E3DFED7CA}.Debug|Any CPU.ActiveCfg = Debug|Any CPU
		{A880940E-31FC-4934-80FC-5A9E3DFED7CA}.Debug|Any CPU.Build.0 = Debug|Any CPU
		{A880940E-31FC-4934-80FC-5A9E3DFED7CA}.Release|Any CPU.ActiveCfg = Release|Any CPU
		{A880940E-31FC-4934-80FC-5A9E3DFED7CA}.Release|Any CPU.Build.0 = Release|Any CPU
		{BCE93684-0A40-4F5F-8FB5-94DE94B111E1}.Debug|Any CPU.ActiveCfg = Debug|Any CPU
		{BCE93684-0A40-4F5F-8FB5-94DE94B111E1}.Debug|Any CPU.Build.0 = Debug|Any CPU
		{BCE93684-0A40-4F5F-8FB5-94DE94B111E1}.Release|Any CPU.ActiveCfg = Release|Any CPU
		{BCE93684-0A40-4F5F-8FB5-94DE94B111E1}.Release|Any CPU.Build.0 = Release|Any CPU
		{42F4F13C-0515-4501-A27B-9815BFF63807}.Debug|Any CPU.ActiveCfg = Debug|Any CPU
		{42F4F13C-0515-4501-A27B-9815BFF63807}.Debug|Any CPU.Build.0 = Debug|Any CPU
		{42F4F13C-0515-4501-A27B-9815BFF63807}.Release|Any CPU.ActiveCfg = Release|Any CPU
		{42F4F13C-0515-4501-A27B-9815BFF63807}.Release|Any CPU.Build.0 = Release|Any CPU
		{F874E74D-73C7-452D-8ECD-352DE352C9A7}.Debug|Any CPU.ActiveCfg = Debug|Any CPU
		{F874E74D-73C7-452D-8ECD-352DE352C9A7}.Debug|Any CPU.Build.0 = Debug|Any CPU
		{F874E74D-73C7-452D-8ECD-352DE352C9A7}.Release|Any CPU.ActiveCfg = Release|Any CPU
		{F874E74D-73C7-452D-8ECD-352DE352C9A7}.Release|Any CPU.Build.0 = Release|Any CPU
		{0F632E91-71D4-46EB-8926-E54C51F2878E}.Debug|Any CPU.ActiveCfg = Debug|Any CPU
		{0F632E91-71D4-46EB-8926-E54C51F2878E}.Debug|Any CPU.Build.0 = Debug|Any CPU
		{0F632E91-71D4-46EB-8926-E54C51F2878E}.Release|Any CPU.ActiveCfg = Release|Any CPU
		{0F632E91-71D4-46EB-8926-E54C51F2878E}.Release|Any CPU.Build.0 = Release|Any CPU
		{00F64981-E1EB-4B83-BA78-2F0591CEDF8A}.Debug|Any CPU.ActiveCfg = Debug|Any CPU
		{00F64981-E1EB-4B83-BA78-2F0591CEDF8A}.Debug|Any CPU.Build.0 = Debug|Any CPU
		{00F64981-E1EB-4B83-BA78-2F0591CEDF8A}.Release|Any CPU.ActiveCfg = Release|Any CPU
		{00F64981-E1EB-4B83-BA78-2F0591CEDF8A}.Release|Any CPU.Build.0 = Release|Any CPU
		{30C75D5A-84F1-4AD1-9761-D35F72C9FBE2}.Debug|Any CPU.ActiveCfg = Debug|Any CPU
		{30C75D5A-84F1-4AD1-9761-D35F72C9FBE2}.Debug|Any CPU.Build.0 = Debug|Any CPU
		{30C75D5A-84F1-4AD1-9761-D35F72C9FBE2}.Release|Any CPU.ActiveCfg = Release|Any CPU
		{30C75D5A-84F1-4AD1-9761-D35F72C9FBE2}.Release|Any CPU.Build.0 = Release|Any CPU
		{D40BBADA-0A1A-4AD2-BA90-89D27F1E4DF3}.Debug|Any CPU.ActiveCfg = Debug|Any CPU
		{D40BBADA-0A1A-4AD2-BA90-89D27F1E4DF3}.Debug|Any CPU.Build.0 = Debug|Any CPU
		{D40BBADA-0A1A-4AD2-BA90-89D27F1E4DF3}.Release|Any CPU.ActiveCfg = Release|Any CPU
		{D40BBADA-0A1A-4AD2-BA90-89D27F1E4DF3}.Release|Any CPU.Build.0 = Release|Any CPU
		{6E388B69-72A1-467A-8645-039870D87446}.Debug|Any CPU.ActiveCfg = Debug|Any CPU
		{6E388B69-72A1-467A-8645-039870D87446}.Debug|Any CPU.Build.0 = Debug|Any CPU
		{6E388B69-72A1-467A-8645-039870D87446}.Release|Any CPU.ActiveCfg = Release|Any CPU
		{6E388B69-72A1-467A-8645-039870D87446}.Release|Any CPU.Build.0 = Release|Any CPU
		{2B8565AA-D0DD-44CB-BCB7-E929198AEF26}.Debug|Any CPU.ActiveCfg = Debug|Any CPU
		{2B8565AA-D0DD-44CB-BCB7-E929198AEF26}.Debug|Any CPU.Build.0 = Debug|Any CPU
		{2B8565AA-D0DD-44CB-BCB7-E929198AEF26}.Release|Any CPU.ActiveCfg = Release|Any CPU
		{2B8565AA-D0DD-44CB-BCB7-E929198AEF26}.Release|Any CPU.Build.0 = Release|Any CPU
		{322FFF76-6794-4B73-AA32-6A2E5C8D0A12}.Debug|Any CPU.ActiveCfg = Debug|Any CPU
		{322FFF76-6794-4B73-AA32-6A2E5C8D0A12}.Debug|Any CPU.Build.0 = Debug|Any CPU
		{322FFF76-6794-4B73-AA32-6A2E5C8D0A12}.Release|Any CPU.ActiveCfg = Release|Any CPU
		{322FFF76-6794-4B73-AA32-6A2E5C8D0A12}.Release|Any CPU.Build.0 = Release|Any CPU
		{7B529958-B4CC-4415-AC45-13C020C6A4A5}.Debug|Any CPU.ActiveCfg = Debug|Any CPU
		{7B529958-B4CC-4415-AC45-13C020C6A4A5}.Debug|Any CPU.Build.0 = Debug|Any CPU
		{7B529958-B4CC-4415-AC45-13C020C6A4A5}.Release|Any CPU.ActiveCfg = Release|Any CPU
		{7B529958-B4CC-4415-AC45-13C020C6A4A5}.Release|Any CPU.Build.0 = Release|Any CPU
		{C131822B-ACB2-4E3B-ADAD-3389E71A1349}.Debug|Any CPU.ActiveCfg = Debug|Any CPU
		{C131822B-ACB2-4E3B-ADAD-3389E71A1349}.Debug|Any CPU.Build.0 = Debug|Any CPU
		{C131822B-ACB2-4E3B-ADAD-3389E71A1349}.Release|Any CPU.ActiveCfg = Release|Any CPU
		{C131822B-ACB2-4E3B-ADAD-3389E71A1349}.Release|Any CPU.Build.0 = Release|Any CPU
		{B0047AC4-2819-42C9-BD0A-E9FB48F9333E}.Debug|Any CPU.ActiveCfg = Debug|Any CPU
		{B0047AC4-2819-42C9-BD0A-E9FB48F9333E}.Debug|Any CPU.Build.0 = Debug|Any CPU
		{B0047AC4-2819-42C9-BD0A-E9FB48F9333E}.Release|Any CPU.ActiveCfg = Release|Any CPU
		{B0047AC4-2819-42C9-BD0A-E9FB48F9333E}.Release|Any CPU.Build.0 = Release|Any CPU
		{97AF29C9-C208-493C-9714-994C9760DEF6}.Debug|Any CPU.ActiveCfg = Debug|Any CPU
		{97AF29C9-C208-493C-9714-994C9760DEF6}.Debug|Any CPU.Build.0 = Debug|Any CPU
		{97AF29C9-C208-493C-9714-994C9760DEF6}.Release|Any CPU.ActiveCfg = Release|Any CPU
		{97AF29C9-C208-493C-9714-994C9760DEF6}.Release|Any CPU.Build.0 = Release|Any CPU
		{CEDEF188-B975-4054-8CB1-D08CACB29F06}.Debug|Any CPU.ActiveCfg = Debug|Any CPU
		{CEDEF188-B975-4054-8CB1-D08CACB29F06}.Debug|Any CPU.Build.0 = Debug|Any CPU
		{CEDEF188-B975-4054-8CB1-D08CACB29F06}.Release|Any CPU.ActiveCfg = Release|Any CPU
		{CEDEF188-B975-4054-8CB1-D08CACB29F06}.Release|Any CPU.Build.0 = Release|Any CPU
		{096EE982-70B1-44F4-A9E8-5719F9160698}.Debug|Any CPU.ActiveCfg = Debug|Any CPU
		{096EE982-70B1-44F4-A9E8-5719F9160698}.Debug|Any CPU.Build.0 = Debug|Any CPU
		{096EE982-70B1-44F4-A9E8-5719F9160698}.Release|Any CPU.ActiveCfg = Release|Any CPU
		{096EE982-70B1-44F4-A9E8-5719F9160698}.Release|Any CPU.Build.0 = Release|Any CPU
		{27AA610C-0A8C-4012-ADE8-E4D8DCE51E9C}.Debug|Any CPU.ActiveCfg = Debug|Any CPU
		{27AA610C-0A8C-4012-ADE8-E4D8DCE51E9C}.Debug|Any CPU.Build.0 = Debug|Any CPU
		{27AA610C-0A8C-4012-ADE8-E4D8DCE51E9C}.Release|Any CPU.ActiveCfg = Release|Any CPU
		{27AA610C-0A8C-4012-ADE8-E4D8DCE51E9C}.Release|Any CPU.Build.0 = Release|Any CPU
		{00BF8113-BB06-4B5F-8935-F44E2F58FD53}.Debug|Any CPU.ActiveCfg = Debug|Any CPU
		{00BF8113-BB06-4B5F-8935-F44E2F58FD53}.Debug|Any CPU.Build.0 = Debug|Any CPU
		{00BF8113-BB06-4B5F-8935-F44E2F58FD53}.Release|Any CPU.ActiveCfg = Release|Any CPU
		{00BF8113-BB06-4B5F-8935-F44E2F58FD53}.Release|Any CPU.Build.0 = Release|Any CPU
		{62BE33DF-5E53-49DF-97B4-95AB3ED8781E}.Debug|Any CPU.ActiveCfg = Debug|Any CPU
		{62BE33DF-5E53-49DF-97B4-95AB3ED8781E}.Debug|Any CPU.Build.0 = Debug|Any CPU
		{62BE33DF-5E53-49DF-97B4-95AB3ED8781E}.Release|Any CPU.ActiveCfg = Release|Any CPU
		{62BE33DF-5E53-49DF-97B4-95AB3ED8781E}.Release|Any CPU.Build.0 = Release|Any CPU
		{6C6A54F2-6598-46AD-9432-9FEC037B7A97}.Debug|Any CPU.ActiveCfg = Debug|Any CPU
		{6C6A54F2-6598-46AD-9432-9FEC037B7A97}.Debug|Any CPU.Build.0 = Debug|Any CPU
		{6C6A54F2-6598-46AD-9432-9FEC037B7A97}.Release|Any CPU.ActiveCfg = Release|Any CPU
		{6C6A54F2-6598-46AD-9432-9FEC037B7A97}.Release|Any CPU.Build.0 = Release|Any CPU
		{439BA5FA-5977-48E3-9FED-10F28CD2D3D1}.Debug|Any CPU.ActiveCfg = Debug|Any CPU
		{439BA5FA-5977-48E3-9FED-10F28CD2D3D1}.Debug|Any CPU.Build.0 = Debug|Any CPU
		{439BA5FA-5977-48E3-9FED-10F28CD2D3D1}.Release|Any CPU.ActiveCfg = Release|Any CPU
		{439BA5FA-5977-48E3-9FED-10F28CD2D3D1}.Release|Any CPU.Build.0 = Release|Any CPU
		{CD8BF331-B689-48F8-9858-368B7196EBD5}.Debug|Any CPU.ActiveCfg = Debug|Any CPU
		{CD8BF331-B689-48F8-9858-368B7196EBD5}.Debug|Any CPU.Build.0 = Debug|Any CPU
		{CD8BF331-B689-48F8-9858-368B7196EBD5}.Release|Any CPU.ActiveCfg = Release|Any CPU
		{CD8BF331-B689-48F8-9858-368B7196EBD5}.Release|Any CPU.Build.0 = Release|Any CPU
		{235596AC-E683-4D2E-B328-CDA79CDB7DC8}.Debug|Any CPU.ActiveCfg = Debug|Any CPU
		{235596AC-E683-4D2E-B328-CDA79CDB7DC8}.Debug|Any CPU.Build.0 = Debug|Any CPU
		{235596AC-E683-4D2E-B328-CDA79CDB7DC8}.Release|Any CPU.ActiveCfg = Release|Any CPU
		{235596AC-E683-4D2E-B328-CDA79CDB7DC8}.Release|Any CPU.Build.0 = Release|Any CPU
		{7DA216DD-F842-41FE-8D1B-D2925B46E551}.Debug|Any CPU.ActiveCfg = Debug|Any CPU
		{7DA216DD-F842-41FE-8D1B-D2925B46E551}.Debug|Any CPU.Build.0 = Debug|Any CPU
		{7DA216DD-F842-41FE-8D1B-D2925B46E551}.Release|Any CPU.ActiveCfg = Release|Any CPU
		{7DA216DD-F842-41FE-8D1B-D2925B46E551}.Release|Any CPU.Build.0 = Release|Any CPU
		{69C34D4F-13A5-43DE-A126-954B85F8A33E}.Debug|Any CPU.ActiveCfg = Debug|Any CPU
		{69C34D4F-13A5-43DE-A126-954B85F8A33E}.Debug|Any CPU.Build.0 = Debug|Any CPU
		{69C34D4F-13A5-43DE-A126-954B85F8A33E}.Release|Any CPU.ActiveCfg = Release|Any CPU
		{69C34D4F-13A5-43DE-A126-954B85F8A33E}.Release|Any CPU.Build.0 = Release|Any CPU
		{8EF0BEC9-C979-42B9-9447-F03570CCAA24}.Debug|Any CPU.ActiveCfg = Debug|Any CPU
		{8EF0BEC9-C979-42B9-9447-F03570CCAA24}.Debug|Any CPU.Build.0 = Debug|Any CPU
		{8EF0BEC9-C979-42B9-9447-F03570CCAA24}.Release|Any CPU.ActiveCfg = Release|Any CPU
		{8EF0BEC9-C979-42B9-9447-F03570CCAA24}.Release|Any CPU.Build.0 = Release|Any CPU
		{7CCA63B5-B3C7-44EB-9794-9AFE04527CC5}.Debug|Any CPU.ActiveCfg = Debug|Any CPU
		{7CCA63B5-B3C7-44EB-9794-9AFE04527CC5}.Debug|Any CPU.Build.0 = Debug|Any CPU
		{7CCA63B5-B3C7-44EB-9794-9AFE04527CC5}.Release|Any CPU.ActiveCfg = Release|Any CPU
		{7CCA63B5-B3C7-44EB-9794-9AFE04527CC5}.Release|Any CPU.Build.0 = Release|Any CPU
		{A1E60FBF-38AD-4B99-B697-D9F355AF9818}.Debug|Any CPU.ActiveCfg = Debug|Any CPU
		{A1E60FBF-38AD-4B99-B697-D9F355AF9818}.Debug|Any CPU.Build.0 = Debug|Any CPU
		{A1E60FBF-38AD-4B99-B697-D9F355AF9818}.Release|Any CPU.ActiveCfg = Release|Any CPU
		{A1E60FBF-38AD-4B99-B697-D9F355AF9818}.Release|Any CPU.Build.0 = Release|Any CPU
		{50F14EA5-DF72-425B-81A6-C7D532D2DD07}.Debug|Any CPU.ActiveCfg = Debug|Any CPU
		{50F14EA5-DF72-425B-81A6-C7D532D2DD07}.Debug|Any CPU.Build.0 = Debug|Any CPU
		{50F14EA5-DF72-425B-81A6-C7D532D2DD07}.Release|Any CPU.ActiveCfg = Release|Any CPU
		{50F14EA5-DF72-425B-81A6-C7D532D2DD07}.Release|Any CPU.Build.0 = Release|Any CPU
		{CB6B3BA6-9D16-4CDC-95C2-7680CF50747D}.Debug|Any CPU.ActiveCfg = Debug|Any CPU
		{CB6B3BA6-9D16-4CDC-95C2-7680CF50747D}.Debug|Any CPU.Build.0 = Debug|Any CPU
		{CB6B3BA6-9D16-4CDC-95C2-7680CF50747D}.Release|Any CPU.ActiveCfg = Release|Any CPU
		{CB6B3BA6-9D16-4CDC-95C2-7680CF50747D}.Release|Any CPU.Build.0 = Release|Any CPU
		{00A025F1-0A31-4676-AA06-1773FC9744ED}.Debug|Any CPU.ActiveCfg = Debug|Any CPU
		{00A025F1-0A31-4676-AA06-1773FC9744ED}.Debug|Any CPU.Build.0 = Debug|Any CPU
		{00A025F1-0A31-4676-AA06-1773FC9744ED}.Release|Any CPU.ActiveCfg = Release|Any CPU
		{00A025F1-0A31-4676-AA06-1773FC9744ED}.Release|Any CPU.Build.0 = Release|Any CPU
		{C73BF86B-5359-4811-B698-8BE9A66C5EFA}.Debug|Any CPU.ActiveCfg = Debug|Any CPU
		{C73BF86B-5359-4811-B698-8BE9A66C5EFA}.Debug|Any CPU.Build.0 = Debug|Any CPU
		{C73BF86B-5359-4811-B698-8BE9A66C5EFA}.Release|Any CPU.ActiveCfg = Release|Any CPU
		{C73BF86B-5359-4811-B698-8BE9A66C5EFA}.Release|Any CPU.Build.0 = Release|Any CPU
		{61F5A733-DC79-44FC-B9CB-4EF34FC9D96B}.Debug|Any CPU.ActiveCfg = Debug|Any CPU
		{61F5A733-DC79-44FC-B9CB-4EF34FC9D96B}.Debug|Any CPU.Build.0 = Debug|Any CPU
		{61F5A733-DC79-44FC-B9CB-4EF34FC9D96B}.Release|Any CPU.ActiveCfg = Release|Any CPU
		{61F5A733-DC79-44FC-B9CB-4EF34FC9D96B}.Release|Any CPU.Build.0 = Release|Any CPU
		{7482D2D9-BBF7-4C8B-B26C-BEA9BCF345B0}.Debug|Any CPU.ActiveCfg = Debug|Any CPU
		{7482D2D9-BBF7-4C8B-B26C-BEA9BCF345B0}.Debug|Any CPU.Build.0 = Debug|Any CPU
		{7482D2D9-BBF7-4C8B-B26C-BEA9BCF345B0}.Release|Any CPU.ActiveCfg = Release|Any CPU
		{7482D2D9-BBF7-4C8B-B26C-BEA9BCF345B0}.Release|Any CPU.Build.0 = Release|Any CPU
	EndGlobalSection
	GlobalSection(SolutionProperties) = preSolution
		HideSolutionNode = FALSE
	EndGlobalSection
	GlobalSection(NestedProjects) = preSolution
		{0ADF687D-4DB7-417E-80B4-27B3FD86875E} = {59F3FB6E-4B48-4E87-AF3B-78DFED427EF1}
		{90BC9629-C8D2-4FD5-863E-EA2D5FB37341} = {3734A52F-2222-454B-BF58-1BA5C1F29D77}
		{4BEAD125-6F93-4566-A1D3-362F55D7AD4C} = {267A241E-571F-458F-B04C-B6C4DE79E735}
		{36D72723-2161-4322-A04B-E97D0CB48EF6} = {67A4BFE3-F96E-4BDE-9383-DD0ACE6D3BA1}
		{19C9C1BA-4BCC-4708-92C3-8F5AE18B44F8} = {3C791D9C-6F19-4F46-B367-2EC0F818762D}
		{1AAB1A30-42C0-4C76-AE2E-9D7293945D80} = {3C791D9C-6F19-4F46-B367-2EC0F818762D}
		{F069CE99-F418-4BC2-9E44-8F03497D8DA8} = {2825A761-5372-4620-99AB-253AD953E8CD}
		{C45DCD78-7E8A-437C-ABBB-01D154ABCFC4} = {C770AFE9-5C16-4C7F-ABE7-2B839DF9E715}
		{319E2094-D2E1-46C5-8985-9693CD8DDCBD} = {59F3FB6E-4B48-4E87-AF3B-78DFED427EF1}
		{40B47FD4-6E67-4D52-B9A4-607B9D01D9F5} = {4F060027-5614-4C64-9338-128C7E9CE8A4}
		{4253798D-A160-40B3-8F16-5BF64C559B93} = {C770AFE9-5C16-4C7F-ABE7-2B839DF9E715}
		{AFFB238B-10C0-4229-9527-184EFCF0F5AC} = {267A241E-571F-458F-B04C-B6C4DE79E735}
		{79BEA612-E2C8-47FD-84DC-A1B17AAD5038} = {4F060027-5614-4C64-9338-128C7E9CE8A4}
		{968E1E85-E996-42DE-9845-D20DAE16165A} = {4F060027-5614-4C64-9338-128C7E9CE8A4}
		{A4EF875C-92AD-4538-AFF1-1DA277F1085A} = {267A241E-571F-458F-B04C-B6C4DE79E735}
		{00AD0047-92A6-48CC-B67D-A3DB2812CE28} = {59F3FB6E-4B48-4E87-AF3B-78DFED427EF1}
		{E30DEF03-4E0B-46A0-87D0-E80545D99BBA} = {4F060027-5614-4C64-9338-128C7E9CE8A4}
		{0FE5E852-E3AF-45F9-BF3A-8CD739C0807F} = {3C791D9C-6F19-4F46-B367-2EC0F818762D}
		{6E6B9E49-EE42-4EB6-8248-BEEC8522937B} = {8B6EE9D6-8A1B-4F85-AE4C-D03E42DBDDEA}
		{CC52EA80-5E18-4370-ACB3-9424B6BB6B68} = {8B6EE9D6-8A1B-4F85-AE4C-D03E42DBDDEA}
		{3AD5584E-057A-4C52-84EA-32A9BBE12F03} = {8B6EE9D6-8A1B-4F85-AE4C-D03E42DBDDEA}
		{3CCB9193-8416-49AF-A1A3-8D1118CFB25B} = {67A4BFE3-F96E-4BDE-9383-DD0ACE6D3BA1}
		{9FBC8D8C-E600-464D-AE4E-AC1FB59485F6} = {3C791D9C-6F19-4F46-B367-2EC0F818762D}
		{6D413E0A-1CB7-4A2D-8E99-DB4F58D3463E} = {4F060027-5614-4C64-9338-128C7E9CE8A4}
		{5D076C7F-1F8B-4B11-9910-48717D133963} = {3734A52F-2222-454B-BF58-1BA5C1F29D77}
		{2250D888-E4CC-4B2B-AF31-5C78D76EC73D} = {67A4BFE3-F96E-4BDE-9383-DD0ACE6D3BA1}
		{43F9247D-544B-49FB-9E50-FC236D90DE1A} = {267A241E-571F-458F-B04C-B6C4DE79E735}
		{CE0120A5-A094-40A3-905E-8E14526800D3} = {67A4BFE3-F96E-4BDE-9383-DD0ACE6D3BA1}
		{DC879845-353B-4C62-9640-6EA3008326F7} = {67A4BFE3-F96E-4BDE-9383-DD0ACE6D3BA1}
		{B168C594-0314-4201-A55B-13DBBE2796FE} = {93686A26-AD8A-498C-BC0E-FF8258F3D20C}
		{9AE4805D-2586-4FA5-A0D0-885264EBC565} = {93686A26-AD8A-498C-BC0E-FF8258F3D20C}
		{B235B13F-42AE-42DA-A3C8-20D047F38685} = {67A4BFE3-F96E-4BDE-9383-DD0ACE6D3BA1}
		{FB07C133-C353-4061-A308-B9A6EF48AB7E} = {4F060027-5614-4C64-9338-128C7E9CE8A4}
		{D9CC53B2-5F6B-434B-8689-2350F3A9FB2D} = {C2378D3C-2BA8-410F-AEF7-547C411C71C7}
		{27563B4E-ECB1-4F1B-B9F1-22C2C165B270} = {3C791D9C-6F19-4F46-B367-2EC0F818762D}
		{37BD6194-A47B-4D17-BB9A-642E8909DED9} = {C2378D3C-2BA8-410F-AEF7-547C411C71C7}
		{0EEA16C4-C7DF-4D90-94C2-009417D765AC} = {C2378D3C-2BA8-410F-AEF7-547C411C71C7}
		{BA2D3FCD-C25E-4E34-9A30-BE1FB16E1841} = {6BBD3167-D9DE-4165-9A95-84940CD37D93}
		{4983083A-87AD-496E-B0BC-84C8097D0590} = {E38F295C-05DD-4328-A2BD-2868754624B7}
		{14BEE605-6180-4B9E-87F5-A24BA79461B5} = {6BBD3167-D9DE-4165-9A95-84940CD37D93}
		{AAB983A1-6080-449D-95D8-7E7BA05DDFAA} = {6BBD3167-D9DE-4165-9A95-84940CD37D93}
		{346D3A9A-1296-4915-BB6C-8533731D3B3B} = {6BBD3167-D9DE-4165-9A95-84940CD37D93}
		{F72182DC-A933-4C4B-8321-830D0DFB857C} = {6BBD3167-D9DE-4165-9A95-84940CD37D93}
		{FFA9A7E4-954F-47A1-A9FD-0FE07EB846C6} = {6BBD3167-D9DE-4165-9A95-84940CD37D93}
		{8CF18906-150C-4AD9-B108-2A39B31105C5} = {6BBD3167-D9DE-4165-9A95-84940CD37D93}
		{456A8639-FE1B-426A-9C72-5252AB4D3AD5} = {6BBD3167-D9DE-4165-9A95-84940CD37D93}
		{2B23487A-B340-4F5C-A49B-9B829F437A5A} = {6BBD3167-D9DE-4165-9A95-84940CD37D93}
		{1D6B0C67-42C8-4AB4-A795-B6FF8EF7196E} = {6BBD3167-D9DE-4165-9A95-84940CD37D93}
		{3D31589A-CA44-4D6D-9944-26CE9640A283} = {1CDE0A67-0245-4CB0-A1B9-D17CCC388E82}
		{2B62E740-A493-42D6-BE5E-709BD07F877E} = {6BBD3167-D9DE-4165-9A95-84940CD37D93}
		{8E3D94CD-3378-4431-8956-07644A64D4E8} = {C2378D3C-2BA8-410F-AEF7-547C411C71C7}
		{9879E646-63ED-474C-905B-1B469403F0A5} = {09CE5AC1-01F6-48C8-B266-2F891C408051}
		{E6217549-8C21-4E95-BDF2-E782922CD104} = {4F060027-5614-4C64-9338-128C7E9CE8A4}
		{BCE93684-0A40-4F5F-8FB5-94DE94B111E1} = {3C791D9C-6F19-4F46-B367-2EC0F818762D}
		{C6A7CA94-9D06-4CA1-BAEA-43B607BF939D} = {3734A52F-2222-454B-BF58-1BA5C1F29D77}
		{42F4F13C-0515-4501-A27B-9815BFF63807} = {C6A7CA94-9D06-4CA1-BAEA-43B607BF939D}
		{F874E74D-73C7-452D-8ECD-352DE352C9A7} = {C6A7CA94-9D06-4CA1-BAEA-43B607BF939D}
		{0F632E91-71D4-46EB-8926-E54C51F2878E} = {C6A7CA94-9D06-4CA1-BAEA-43B607BF939D}
		{00F64981-E1EB-4B83-BA78-2F0591CEDF8A} = {C6A7CA94-9D06-4CA1-BAEA-43B607BF939D}
		{EAD9B32C-46FC-44AF-8A48-954259F846C5} = {3734A52F-2222-454B-BF58-1BA5C1F29D77}
		{A9D3E13A-7782-4E0D-9CBB-9954F583F0B3} = {3734A52F-2222-454B-BF58-1BA5C1F29D77}
		{30C75D5A-84F1-4AD1-9761-D35F72C9FBE2} = {EAD9B32C-46FC-44AF-8A48-954259F846C5}
		{D40BBADA-0A1A-4AD2-BA90-89D27F1E4DF3} = {EAD9B32C-46FC-44AF-8A48-954259F846C5}
		{6E388B69-72A1-467A-8645-039870D87446} = {EAD9B32C-46FC-44AF-8A48-954259F846C5}
		{2B8565AA-D0DD-44CB-BCB7-E929198AEF26} = {EAD9B32C-46FC-44AF-8A48-954259F846C5}
		{322FFF76-6794-4B73-AA32-6A2E5C8D0A12} = {EAD9B32C-46FC-44AF-8A48-954259F846C5}
		{3AC678A8-121F-4E78-A926-66ACA382D5AA} = {3734A52F-2222-454B-BF58-1BA5C1F29D77}
		{7B529958-B4CC-4415-AC45-13C020C6A4A5} = {2E405876-0925-4B96-94B6-6C529E52D47D}
		{C131822B-ACB2-4E3B-ADAD-3389E71A1349} = {2E405876-0925-4B96-94B6-6C529E52D47D}
		{B0047AC4-2819-42C9-BD0A-E9FB48F9333E} = {2E405876-0925-4B96-94B6-6C529E52D47D}
		{97AF29C9-C208-493C-9714-994C9760DEF6} = {2E405876-0925-4B96-94B6-6C529E52D47D}
		{CEDEF188-B975-4054-8CB1-D08CACB29F06} = {2E405876-0925-4B96-94B6-6C529E52D47D}
		{096EE982-70B1-44F4-A9E8-5719F9160698} = {2E405876-0925-4B96-94B6-6C529E52D47D}
		{27AA610C-0A8C-4012-ADE8-E4D8DCE51E9C} = {A9D3E13A-7782-4E0D-9CBB-9954F583F0B3}
		{00BF8113-BB06-4B5F-8935-F44E2F58FD53} = {A9D3E13A-7782-4E0D-9CBB-9954F583F0B3}
		{2E405876-0925-4B96-94B6-6C529E52D47D} = {3734A52F-2222-454B-BF58-1BA5C1F29D77}
		{62BE33DF-5E53-49DF-97B4-95AB3ED8781E} = {3AC678A8-121F-4E78-A926-66ACA382D5AA}
		{6C6A54F2-6598-46AD-9432-9FEC037B7A97} = {3AC678A8-121F-4E78-A926-66ACA382D5AA}
		{439BA5FA-5977-48E3-9FED-10F28CD2D3D1} = {3AC678A8-121F-4E78-A926-66ACA382D5AA}
		{CD8BF331-B689-48F8-9858-368B7196EBD5} = {3AC678A8-121F-4E78-A926-66ACA382D5AA}
		{235596AC-E683-4D2E-B328-CDA79CDB7DC8} = {3AC678A8-121F-4E78-A926-66ACA382D5AA}
		{E38F295C-05DD-4328-A2BD-2868754624B7} = {267A241E-571F-458F-B04C-B6C4DE79E735}
		{6BBD3167-D9DE-4165-9A95-84940CD37D93} = {E38F295C-05DD-4328-A2BD-2868754624B7}
		{C2378D3C-2BA8-410F-AEF7-547C411C71C7} = {267A241E-571F-458F-B04C-B6C4DE79E735}
		{4F060027-5614-4C64-9338-128C7E9CE8A4} = {267A241E-571F-458F-B04C-B6C4DE79E735}
		{8B6EE9D6-8A1B-4F85-AE4C-D03E42DBDDEA} = {4F060027-5614-4C64-9338-128C7E9CE8A4}
		{67A4BFE3-F96E-4BDE-9383-DD0ACE6D3BA1} = {267A241E-571F-458F-B04C-B6C4DE79E735}
		{93686A26-AD8A-498C-BC0E-FF8258F3D20C} = {267A241E-571F-458F-B04C-B6C4DE79E735}
		{59F3FB6E-4B48-4E87-AF3B-78DFED427EF1} = {67A4BFE3-F96E-4BDE-9383-DD0ACE6D3BA1}
		{1CDE0A67-0245-4CB0-A1B9-D17CCC388E82} = {267A241E-571F-458F-B04C-B6C4DE79E735}
		{8EF0BEC9-C979-42B9-9447-F03570CCAA24} = {1CDE0A67-0245-4CB0-A1B9-D17CCC388E82}
		{C770AFE9-5C16-4C7F-ABE7-2B839DF9E715} = {267A241E-571F-458F-B04C-B6C4DE79E735}
		{7CCA63B5-B3C7-44EB-9794-9AFE04527CC5} = {C770AFE9-5C16-4C7F-ABE7-2B839DF9E715}
		{A1E60FBF-38AD-4B99-B697-D9F355AF9818} = {09CE5AC1-01F6-48C8-B266-2F891C408051}
		{09CE5AC1-01F6-48C8-B266-2F891C408051} = {C2378D3C-2BA8-410F-AEF7-547C411C71C7}
		{50F14EA5-DF72-425B-81A6-C7D532D2DD07} = {09CE5AC1-01F6-48C8-B266-2F891C408051}
		{CB6B3BA6-9D16-4CDC-95C2-7680CF50747D} = {2825A761-5372-4620-99AB-253AD953E8CD}
		{00A025F1-0A31-4676-AA06-1773FC9744ED} = {3C791D9C-6F19-4F46-B367-2EC0F818762D}
		{C73BF86B-5359-4811-B698-8BE9A66C5EFA} = {3C791D9C-6F19-4F46-B367-2EC0F818762D}
		{61F5A733-DC79-44FC-B9CB-4EF34FC9D96B} = {59F3FB6E-4B48-4E87-AF3B-78DFED427EF1}
		{7482D2D9-BBF7-4C8B-B26C-BEA9BCF345B0} = {67A4BFE3-F96E-4BDE-9383-DD0ACE6D3BA1}
	EndGlobalSection
	GlobalSection(ExtensibilityGlobals) = postSolution
		SolutionGuid = {69E02FD9-C9DE-412C-AB6B-5B8BECC6BFA5}
	EndGlobalSection
EndGlobal
